// !$*UTF8*$!
{
	archiveVersion = 1;
	classes = {
	};
	objectVersion = 56;
	objects = {

/* Begin PBXBuildFile section */
		DA20A7BA2970FF3A00B90D72 /* AppDelegate.swift in Sources */ = {isa = PBXBuildFile; fileRef = DA20A7B92970FF3A00B90D72 /* AppDelegate.swift */; };
		DA20A7BC2970FF3A00B90D72 /* SceneDelegate.swift in Sources */ = {isa = PBXBuildFile; fileRef = DA20A7BB2970FF3A00B90D72 /* SceneDelegate.swift */; };
		DA20A7BE2970FF3A00B90D72 /* RMTabViewController.swift in Sources */ = {isa = PBXBuildFile; fileRef = DA20A7BD2970FF3A00B90D72 /* RMTabViewController.swift */; };
		DA20A7C32970FF3B00B90D72 /* Assets.xcassets in Resources */ = {isa = PBXBuildFile; fileRef = DA20A7C22970FF3B00B90D72 /* Assets.xcassets */; };
		DA20A7C62970FF3B00B90D72 /* LaunchScreen.storyboard in Resources */ = {isa = PBXBuildFile; fileRef = DA20A7C42970FF3B00B90D72 /* LaunchScreen.storyboard */; };
		DA20A7D12970FF3B00B90D72 /* RickAndMortyTests.swift in Sources */ = {isa = PBXBuildFile; fileRef = DA20A7D02970FF3B00B90D72 /* RickAndMortyTests.swift */; };
		DA20A7DB2970FF3B00B90D72 /* RickAndMortyUITests.swift in Sources */ = {isa = PBXBuildFile; fileRef = DA20A7DA2970FF3B00B90D72 /* RickAndMortyUITests.swift */; };
		DA20A7DD2970FF3B00B90D72 /* RickAndMortyUITestsLaunchTests.swift in Sources */ = {isa = PBXBuildFile; fileRef = DA20A7DC2970FF3B00B90D72 /* RickAndMortyUITestsLaunchTests.swift */; };
		DA20A7F12971007200B90D72 /* RMLocation.swift in Sources */ = {isa = PBXBuildFile; fileRef = DA20A7F02971007200B90D72 /* RMLocation.swift */; };
		DA20A7F52971008600B90D72 /* RMEpisode.swift in Sources */ = {isa = PBXBuildFile; fileRef = DA20A7F42971008600B90D72 /* RMEpisode.swift */; };
		DA20A7F7297100A300B90D72 /* RMCharacter.swift in Sources */ = {isa = PBXBuildFile; fileRef = DA20A7F6297100A300B90D72 /* RMCharacter.swift */; };
		DA20A7F92971015800B90D72 /* RMCharacterViewController.swift in Sources */ = {isa = PBXBuildFile; fileRef = DA20A7F82971015800B90D72 /* RMCharacterViewController.swift */; };
		DA20A7FB2971016600B90D72 /* RMLocationViewController.swift in Sources */ = {isa = PBXBuildFile; fileRef = DA20A7FA2971016600B90D72 /* RMLocationViewController.swift */; };
		DA20A7FF2971017A00B90D72 /* RMSettingsViewController.swift in Sources */ = {isa = PBXBuildFile; fileRef = DA20A7FE2971017A00B90D72 /* RMSettingsViewController.swift */; };
		DA3C335B2977905000242AAC /* RMCharacterCollectionViewCell.swift in Sources */ = {isa = PBXBuildFile; fileRef = DA3C335A2977904F00242AAC /* RMCharacterCollectionViewCell.swift */; };
		DA3C335D2977937900242AAC /* RMCharacterCollectionViewCellViewModel.swift in Sources */ = {isa = PBXBuildFile; fileRef = DA3C335C2977937900242AAC /* RMCharacterCollectionViewCellViewModel.swift */; };
		DA5B6ED72972289800CA4D7B /* RMService.swift in Sources */ = {isa = PBXBuildFile; fileRef = DA5B6ED62972289800CA4D7B /* RMService.swift */; };
		DA5B6EDA297228B900CA4D7B /* RMRequest.swift in Sources */ = {isa = PBXBuildFile; fileRef = DA5B6ED9297228B900CA4D7B /* RMRequest.swift */; };
		DA5B6EDC297229A800CA4D7B /* RMEndpoint.swift in Sources */ = {isa = PBXBuildFile; fileRef = DA5B6EDB297229A800CA4D7B /* RMEndpoint.swift */; };
		DA5B6EDE297232E700CA4D7B /* RMOrigin.swift in Sources */ = {isa = PBXBuildFile; fileRef = DA5B6EDD297232E700CA4D7B /* RMOrigin.swift */; };
		DA5B6EE02972338600CA4D7B /* RMSingleLocation.swift in Sources */ = {isa = PBXBuildFile; fileRef = DA5B6EDF2972338600CA4D7B /* RMSingleLocation.swift */; };
		DA5B6EE2297234E200CA4D7B /* RMCharacterStatus.swift in Sources */ = {isa = PBXBuildFile; fileRef = DA5B6EE1297234E200CA4D7B /* RMCharacterStatus.swift */; };
		DA5B6EE42972373400CA4D7B /* RMCharacterGender.swift in Sources */ = {isa = PBXBuildFile; fileRef = DA5B6EE32972373400CA4D7B /* RMCharacterGender.swift */; };
		DA5B6EE929738B4E00CA4D7B /* RMGetAllCharactersResponse.swift in Sources */ = {isa = PBXBuildFile; fileRef = DA5B6EE829738B4E00CA4D7B /* RMGetAllCharactersResponse.swift */; };
		DA5B6EEB2974858E00CA4D7B /* RMCharacterListViewViewModel.swift in Sources */ = {isa = PBXBuildFile; fileRef = DA5B6EEA2974858E00CA4D7B /* RMCharacterListViewViewModel.swift */; };
		DA5B6EED2974861B00CA4D7B /* RMCharacterListView.swift in Sources */ = {isa = PBXBuildFile; fileRef = DA5B6EEC2974861B00CA4D7B /* RMCharacterListView.swift */; };
		DA5B6EF029748FFE00CA4D7B /* Extensions.swift in Sources */ = {isa = PBXBuildFile; fileRef = DA5B6EEF29748FFE00CA4D7B /* Extensions.swift */; };
		DA80108F2995E1AE00EB3EDB /* RMAPICacheManager.swift in Sources */ = {isa = PBXBuildFile; fileRef = DA80108E2995E1AE00EB3EDB /* RMAPICacheManager.swift */; };
		DA8010912995EFA500EB3EDB /* RMEpisodeDetailViewViewModel.swift in Sources */ = {isa = PBXBuildFile; fileRef = DA8010902995EFA500EB3EDB /* RMEpisodeDetailViewViewModel.swift */; };
		DA8010932995F00500EB3EDB /* RMEpisodeDetailView.swift in Sources */ = {isa = PBXBuildFile; fileRef = DA8010922995F00500EB3EDB /* RMEpisodeDetailView.swift */; };
		DA80109929988FFF00EB3EDB /* RMEpisodeListViewViewModel.swift in Sources */ = {isa = PBXBuildFile; fileRef = DA80109829988FFF00EB3EDB /* RMEpisodeListViewViewModel.swift */; };
		DA80109C299894B300EB3EDB /* RMGetAllEpisodesResponse.swift in Sources */ = {isa = PBXBuildFile; fileRef = DA80109B299894B300EB3EDB /* RMGetAllEpisodesResponse.swift */; };
		DA80109E2998998800EB3EDB /* RMEpisodeController.swift in Sources */ = {isa = PBXBuildFile; fileRef = DA80109D2998998800EB3EDB /* RMEpisodeController.swift */; };
		DA8010A029989B1F00EB3EDB /* RMEpisodeListView.swift in Sources */ = {isa = PBXBuildFile; fileRef = DA80109F29989B1F00EB3EDB /* RMEpisodeListView.swift */; };
		DA8010A2299C63A200EB3EDB /* RMSearchViewController.swift in Sources */ = {isa = PBXBuildFile; fileRef = DA8010A1299C63A200EB3EDB /* RMSearchViewController.swift */; };
		DA9C61F72992B6EF0099EA2E /* RMEpisodeDetailViewController.swift in Sources */ = {isa = PBXBuildFile; fileRef = DA9C61F62992B6EF0099EA2E /* RMEpisodeDetailViewController.swift */; };
		DAB3A25C2982FFFE004A1AB4 /* RMCharacterDetailViewController.swift in Sources */ = {isa = PBXBuildFile; fileRef = DAB3A25B2982FFFE004A1AB4 /* RMCharacterDetailViewController.swift */; };
		DAB3A25E298300D4004A1AB4 /* RMCharacterDetailView.swift in Sources */ = {isa = PBXBuildFile; fileRef = DAB3A25D298300D4004A1AB4 /* RMCharacterDetailView.swift */; };
		DAB3A2602983010F004A1AB4 /* RMCharacterDetailViewViewModel.swift in Sources */ = {isa = PBXBuildFile; fileRef = DAB3A25F2983010F004A1AB4 /* RMCharacterDetailViewViewModel.swift */; };
		DAB3A262298472A8004A1AB4 /* RMFooterLoadingCollectionReusableView.swift in Sources */ = {isa = PBXBuildFile; fileRef = DAB3A261298472A8004A1AB4 /* RMFooterLoadingCollectionReusableView.swift */; };
		DAB3A264298761BF004A1AB4 /* RMImageLoader.swift in Sources */ = {isa = PBXBuildFile; fileRef = DAB3A263298761BF004A1AB4 /* RMImageLoader.swift */; };
		DAB3A268298D9BC5004A1AB4 /* RMCharacterPhotoCollectionViewCell.swift in Sources */ = {isa = PBXBuildFile; fileRef = DAB3A267298D9BC5004A1AB4 /* RMCharacterPhotoCollectionViewCell.swift */; };
		DAB3A26A298D9BE8004A1AB4 /* RMCharacterInfoCollectionViewCell.swift in Sources */ = {isa = PBXBuildFile; fileRef = DAB3A269298D9BE8004A1AB4 /* RMCharacterInfoCollectionViewCell.swift */; };
		DAB3A26C298D9BFA004A1AB4 /* RMCharacterEpisodeCollectionViewCell.swift in Sources */ = {isa = PBXBuildFile; fileRef = DAB3A26B298D9BFA004A1AB4 /* RMCharacterEpisodeCollectionViewCell.swift */; };
		DAB3A26F298D9C3F004A1AB4 /* RMCharacterPhotoCollectionViewCellViewModel.swift in Sources */ = {isa = PBXBuildFile; fileRef = DAB3A26E298D9C3F004A1AB4 /* RMCharacterPhotoCollectionViewCellViewModel.swift */; };
		DAB3A271298D9C54004A1AB4 /* RMCharacterInfoCollectionViewCellViewModel.swift in Sources */ = {isa = PBXBuildFile; fileRef = DAB3A270298D9C54004A1AB4 /* RMCharacterInfoCollectionViewCellViewModel.swift */; };
		DAB3A273298D9C61004A1AB4 /* RMCharacterEpisodeCollectionViewCellViewModel.swift in Sources */ = {isa = PBXBuildFile; fileRef = DAB3A272298D9C61004A1AB4 /* RMCharacterEpisodeCollectionViewCellViewModel.swift */; };
/* End PBXBuildFile section */

/* Begin PBXContainerItemProxy section */
		DA20A7CD2970FF3B00B90D72 /* PBXContainerItemProxy */ = {
			isa = PBXContainerItemProxy;
			containerPortal = DA20A7AE2970FF3A00B90D72 /* Project object */;
			proxyType = 1;
			remoteGlobalIDString = DA20A7B52970FF3A00B90D72;
			remoteInfo = RickAndMorty;
		};
		DA20A7D72970FF3B00B90D72 /* PBXContainerItemProxy */ = {
			isa = PBXContainerItemProxy;
			containerPortal = DA20A7AE2970FF3A00B90D72 /* Project object */;
			proxyType = 1;
			remoteGlobalIDString = DA20A7B52970FF3A00B90D72;
			remoteInfo = RickAndMorty;
		};
/* End PBXContainerItemProxy section */

/* Begin PBXFileReference section */
		DA20A7B62970FF3A00B90D72 /* RickAndMorty.app */ = {isa = PBXFileReference; explicitFileType = wrapper.application; includeInIndex = 0; path = RickAndMorty.app; sourceTree = BUILT_PRODUCTS_DIR; };
		DA20A7B92970FF3A00B90D72 /* AppDelegate.swift */ = {isa = PBXFileReference; lastKnownFileType = sourcecode.swift; path = AppDelegate.swift; sourceTree = "<group>"; };
		DA20A7BB2970FF3A00B90D72 /* SceneDelegate.swift */ = {isa = PBXFileReference; lastKnownFileType = sourcecode.swift; path = SceneDelegate.swift; sourceTree = "<group>"; };
		DA20A7BD2970FF3A00B90D72 /* RMTabViewController.swift */ = {isa = PBXFileReference; lastKnownFileType = sourcecode.swift; path = RMTabViewController.swift; sourceTree = "<group>"; };
		DA20A7C22970FF3B00B90D72 /* Assets.xcassets */ = {isa = PBXFileReference; lastKnownFileType = folder.assetcatalog; path = Assets.xcassets; sourceTree = "<group>"; };
		DA20A7C52970FF3B00B90D72 /* Base */ = {isa = PBXFileReference; lastKnownFileType = file.storyboard; name = Base; path = Base.lproj/LaunchScreen.storyboard; sourceTree = "<group>"; };
		DA20A7C72970FF3B00B90D72 /* Info.plist */ = {isa = PBXFileReference; lastKnownFileType = text.plist.xml; path = Info.plist; sourceTree = "<group>"; };
		DA20A7CC2970FF3B00B90D72 /* RickAndMortyTests.xctest */ = {isa = PBXFileReference; explicitFileType = wrapper.cfbundle; includeInIndex = 0; path = RickAndMortyTests.xctest; sourceTree = BUILT_PRODUCTS_DIR; };
		DA20A7D02970FF3B00B90D72 /* RickAndMortyTests.swift */ = {isa = PBXFileReference; lastKnownFileType = sourcecode.swift; path = RickAndMortyTests.swift; sourceTree = "<group>"; };
		DA20A7D62970FF3B00B90D72 /* RickAndMortyUITests.xctest */ = {isa = PBXFileReference; explicitFileType = wrapper.cfbundle; includeInIndex = 0; path = RickAndMortyUITests.xctest; sourceTree = BUILT_PRODUCTS_DIR; };
		DA20A7DA2970FF3B00B90D72 /* RickAndMortyUITests.swift */ = {isa = PBXFileReference; lastKnownFileType = sourcecode.swift; path = RickAndMortyUITests.swift; sourceTree = "<group>"; };
		DA20A7DC2970FF3B00B90D72 /* RickAndMortyUITestsLaunchTests.swift */ = {isa = PBXFileReference; lastKnownFileType = sourcecode.swift; path = RickAndMortyUITestsLaunchTests.swift; sourceTree = "<group>"; };
		DA20A7F02971007200B90D72 /* RMLocation.swift */ = {isa = PBXFileReference; lastKnownFileType = sourcecode.swift; path = RMLocation.swift; sourceTree = "<group>"; };
		DA20A7F42971008600B90D72 /* RMEpisode.swift */ = {isa = PBXFileReference; lastKnownFileType = sourcecode.swift; path = RMEpisode.swift; sourceTree = "<group>"; };
		DA20A7F6297100A300B90D72 /* RMCharacter.swift */ = {isa = PBXFileReference; lastKnownFileType = sourcecode.swift; path = RMCharacter.swift; sourceTree = "<group>"; };
		DA20A7F82971015800B90D72 /* RMCharacterViewController.swift */ = {isa = PBXFileReference; lastKnownFileType = sourcecode.swift; path = RMCharacterViewController.swift; sourceTree = "<group>"; };
		DA20A7FA2971016600B90D72 /* RMLocationViewController.swift */ = {isa = PBXFileReference; lastKnownFileType = sourcecode.swift; path = RMLocationViewController.swift; sourceTree = "<group>"; };
		DA20A7FE2971017A00B90D72 /* RMSettingsViewController.swift */ = {isa = PBXFileReference; lastKnownFileType = sourcecode.swift; path = RMSettingsViewController.swift; sourceTree = "<group>"; };
		DA3C335A2977904F00242AAC /* RMCharacterCollectionViewCell.swift */ = {isa = PBXFileReference; lastKnownFileType = sourcecode.swift; path = RMCharacterCollectionViewCell.swift; sourceTree = "<group>"; };
		DA3C335C2977937900242AAC /* RMCharacterCollectionViewCellViewModel.swift */ = {isa = PBXFileReference; lastKnownFileType = sourcecode.swift; path = RMCharacterCollectionViewCellViewModel.swift; sourceTree = "<group>"; };
		DA5B6ED62972289800CA4D7B /* RMService.swift */ = {isa = PBXFileReference; lastKnownFileType = sourcecode.swift; path = RMService.swift; sourceTree = "<group>"; };
		DA5B6ED9297228B900CA4D7B /* RMRequest.swift */ = {isa = PBXFileReference; lastKnownFileType = sourcecode.swift; path = RMRequest.swift; sourceTree = "<group>"; };
		DA5B6EDB297229A800CA4D7B /* RMEndpoint.swift */ = {isa = PBXFileReference; lastKnownFileType = sourcecode.swift; path = RMEndpoint.swift; sourceTree = "<group>"; };
		DA5B6EDD297232E700CA4D7B /* RMOrigin.swift */ = {isa = PBXFileReference; lastKnownFileType = sourcecode.swift; path = RMOrigin.swift; sourceTree = "<group>"; };
		DA5B6EDF2972338600CA4D7B /* RMSingleLocation.swift */ = {isa = PBXFileReference; lastKnownFileType = sourcecode.swift; path = RMSingleLocation.swift; sourceTree = "<group>"; };
		DA5B6EE1297234E200CA4D7B /* RMCharacterStatus.swift */ = {isa = PBXFileReference; lastKnownFileType = sourcecode.swift; path = RMCharacterStatus.swift; sourceTree = "<group>"; };
		DA5B6EE32972373400CA4D7B /* RMCharacterGender.swift */ = {isa = PBXFileReference; lastKnownFileType = sourcecode.swift; path = RMCharacterGender.swift; sourceTree = "<group>"; };
		DA5B6EE829738B4E00CA4D7B /* RMGetAllCharactersResponse.swift */ = {isa = PBXFileReference; lastKnownFileType = sourcecode.swift; path = RMGetAllCharactersResponse.swift; sourceTree = "<group>"; };
		DA5B6EEA2974858E00CA4D7B /* RMCharacterListViewViewModel.swift */ = {isa = PBXFileReference; lastKnownFileType = sourcecode.swift; path = RMCharacterListViewViewModel.swift; sourceTree = "<group>"; };
		DA5B6EEC2974861B00CA4D7B /* RMCharacterListView.swift */ = {isa = PBXFileReference; lastKnownFileType = sourcecode.swift; path = RMCharacterListView.swift; sourceTree = "<group>"; };
		DA5B6EEF29748FFE00CA4D7B /* Extensions.swift */ = {isa = PBXFileReference; lastKnownFileType = sourcecode.swift; path = Extensions.swift; sourceTree = "<group>"; };
		DA80108E2995E1AE00EB3EDB /* RMAPICacheManager.swift */ = {isa = PBXFileReference; lastKnownFileType = sourcecode.swift; path = RMAPICacheManager.swift; sourceTree = "<group>"; };
		DA8010902995EFA500EB3EDB /* RMEpisodeDetailViewViewModel.swift */ = {isa = PBXFileReference; lastKnownFileType = sourcecode.swift; path = RMEpisodeDetailViewViewModel.swift; sourceTree = "<group>"; };
		DA8010922995F00500EB3EDB /* RMEpisodeDetailView.swift */ = {isa = PBXFileReference; lastKnownFileType = sourcecode.swift; path = RMEpisodeDetailView.swift; sourceTree = "<group>"; };
		DA80109829988FFF00EB3EDB /* RMEpisodeListViewViewModel.swift */ = {isa = PBXFileReference; lastKnownFileType = sourcecode.swift; path = RMEpisodeListViewViewModel.swift; sourceTree = "<group>"; };
		DA80109B299894B300EB3EDB /* RMGetAllEpisodesResponse.swift */ = {isa = PBXFileReference; lastKnownFileType = sourcecode.swift; path = RMGetAllEpisodesResponse.swift; sourceTree = "<group>"; };
		DA80109D2998998800EB3EDB /* RMEpisodeController.swift */ = {isa = PBXFileReference; lastKnownFileType = sourcecode.swift; path = RMEpisodeController.swift; sourceTree = "<group>"; };
		DA80109F29989B1F00EB3EDB /* RMEpisodeListView.swift */ = {isa = PBXFileReference; lastKnownFileType = sourcecode.swift; path = RMEpisodeListView.swift; sourceTree = "<group>"; };
		DA8010A1299C63A200EB3EDB /* RMSearchViewController.swift */ = {isa = PBXFileReference; lastKnownFileType = sourcecode.swift; path = RMSearchViewController.swift; sourceTree = "<group>"; };
		DA9C61F62992B6EF0099EA2E /* RMEpisodeDetailViewController.swift */ = {isa = PBXFileReference; lastKnownFileType = sourcecode.swift; path = RMEpisodeDetailViewController.swift; sourceTree = "<group>"; };
		DAB3A25B2982FFFE004A1AB4 /* RMCharacterDetailViewController.swift */ = {isa = PBXFileReference; lastKnownFileType = sourcecode.swift; path = RMCharacterDetailViewController.swift; sourceTree = "<group>"; };
		DAB3A25D298300D4004A1AB4 /* RMCharacterDetailView.swift */ = {isa = PBXFileReference; lastKnownFileType = sourcecode.swift; path = RMCharacterDetailView.swift; sourceTree = "<group>"; };
		DAB3A25F2983010F004A1AB4 /* RMCharacterDetailViewViewModel.swift */ = {isa = PBXFileReference; lastKnownFileType = sourcecode.swift; path = RMCharacterDetailViewViewModel.swift; sourceTree = "<group>"; };
		DAB3A261298472A8004A1AB4 /* RMFooterLoadingCollectionReusableView.swift */ = {isa = PBXFileReference; lastKnownFileType = sourcecode.swift; path = RMFooterLoadingCollectionReusableView.swift; sourceTree = "<group>"; };
		DAB3A263298761BF004A1AB4 /* RMImageLoader.swift */ = {isa = PBXFileReference; lastKnownFileType = sourcecode.swift; path = RMImageLoader.swift; sourceTree = "<group>"; };
		DAB3A267298D9BC5004A1AB4 /* RMCharacterPhotoCollectionViewCell.swift */ = {isa = PBXFileReference; lastKnownFileType = sourcecode.swift; path = RMCharacterPhotoCollectionViewCell.swift; sourceTree = "<group>"; };
		DAB3A269298D9BE8004A1AB4 /* RMCharacterInfoCollectionViewCell.swift */ = {isa = PBXFileReference; lastKnownFileType = sourcecode.swift; path = RMCharacterInfoCollectionViewCell.swift; sourceTree = "<group>"; };
		DAB3A26B298D9BFA004A1AB4 /* RMCharacterEpisodeCollectionViewCell.swift */ = {isa = PBXFileReference; lastKnownFileType = sourcecode.swift; path = RMCharacterEpisodeCollectionViewCell.swift; sourceTree = "<group>"; };
		DAB3A26E298D9C3F004A1AB4 /* RMCharacterPhotoCollectionViewCellViewModel.swift */ = {isa = PBXFileReference; lastKnownFileType = sourcecode.swift; path = RMCharacterPhotoCollectionViewCellViewModel.swift; sourceTree = "<group>"; };
		DAB3A270298D9C54004A1AB4 /* RMCharacterInfoCollectionViewCellViewModel.swift */ = {isa = PBXFileReference; lastKnownFileType = sourcecode.swift; path = RMCharacterInfoCollectionViewCellViewModel.swift; sourceTree = "<group>"; };
		DAB3A272298D9C61004A1AB4 /* RMCharacterEpisodeCollectionViewCellViewModel.swift */ = {isa = PBXFileReference; lastKnownFileType = sourcecode.swift; path = RMCharacterEpisodeCollectionViewCellViewModel.swift; sourceTree = "<group>"; };
/* End PBXFileReference section */

/* Begin PBXFrameworksBuildPhase section */
		DA20A7B32970FF3A00B90D72 /* Frameworks */ = {
			isa = PBXFrameworksBuildPhase;
			buildActionMask = 2147483647;
			files = (
			);
			runOnlyForDeploymentPostprocessing = 0;
		};
		DA20A7C92970FF3B00B90D72 /* Frameworks */ = {
			isa = PBXFrameworksBuildPhase;
			buildActionMask = 2147483647;
			files = (
			);
			runOnlyForDeploymentPostprocessing = 0;
		};
		DA20A7D32970FF3B00B90D72 /* Frameworks */ = {
			isa = PBXFrameworksBuildPhase;
			buildActionMask = 2147483647;
			files = (
			);
			runOnlyForDeploymentPostprocessing = 0;
		};
/* End PBXFrameworksBuildPhase section */

/* Begin PBXGroup section */
		DA20A7AD2970FF3A00B90D72 = {
			isa = PBXGroup;
			children = (
				DA20A7B82970FF3A00B90D72 /* RickAndMorty */,
				DA20A7CF2970FF3B00B90D72 /* RickAndMortyTests */,
				DA20A7D92970FF3B00B90D72 /* RickAndMortyUITests */,
				DA20A7B72970FF3A00B90D72 /* Products */,
			);
			sourceTree = "<group>";
		};
		DA20A7B72970FF3A00B90D72 /* Products */ = {
			isa = PBXGroup;
			children = (
				DA20A7B62970FF3A00B90D72 /* RickAndMorty.app */,
				DA20A7CC2970FF3B00B90D72 /* RickAndMortyTests.xctest */,
				DA20A7D62970FF3B00B90D72 /* RickAndMortyUITests.xctest */,
			);
			name = Products;
			sourceTree = "<group>";
		};
		DA20A7B82970FF3A00B90D72 /* RickAndMorty */ = {
			isa = PBXGroup;
			children = (
				DA20A7E92970FF9B00B90D72 /* Managers */,
				DA20A7EF2970FFF700B90D72 /* Controllers */,
				DA20A7EA2970FFA200B90D72 /* APIClient */,
				DA20A7ED2970FFE400B90D72 /* Models */,
				DA20A7EB2970FFAF00B90D72 /* Views */,
				DA20A7EC2970FFB500B90D72 /* ViewModels */,
				DA20A7EE2970FFEC00B90D72 /* Resources */,
				DA20A7C72970FF3B00B90D72 /* Info.plist */,
			);
			path = RickAndMorty;
			sourceTree = "<group>";
		};
		DA20A7CF2970FF3B00B90D72 /* RickAndMortyTests */ = {
			isa = PBXGroup;
			children = (
				DA20A7D02970FF3B00B90D72 /* RickAndMortyTests.swift */,
			);
			path = RickAndMortyTests;
			sourceTree = "<group>";
		};
		DA20A7D92970FF3B00B90D72 /* RickAndMortyUITests */ = {
			isa = PBXGroup;
			children = (
				DA20A7DA2970FF3B00B90D72 /* RickAndMortyUITests.swift */,
				DA20A7DC2970FF3B00B90D72 /* RickAndMortyUITestsLaunchTests.swift */,
			);
			path = RickAndMortyUITests;
			sourceTree = "<group>";
		};
		DA20A7E92970FF9B00B90D72 /* Managers */ = {
			isa = PBXGroup;
			children = (
				DAB3A263298761BF004A1AB4 /* RMImageLoader.swift */,
				DA80108E2995E1AE00EB3EDB /* RMAPICacheManager.swift */,
			);
			path = Managers;
			sourceTree = "<group>";
		};
		DA20A7EA2970FFA200B90D72 /* APIClient */ = {
			isa = PBXGroup;
			children = (
				DA5B6ED62972289800CA4D7B /* RMService.swift */,
				DA5B6ED9297228B900CA4D7B /* RMRequest.swift */,
				DA5B6EDB297229A800CA4D7B /* RMEndpoint.swift */,
			);
			path = APIClient;
			sourceTree = "<group>";
		};
		DA20A7EB2970FFAF00B90D72 /* Views */ = {
			isa = PBXGroup;
			children = (
				DA801094299889EE00EB3EDB /* Episode */,
				DAB3A265298D9B42004A1AB4 /* CharacterDetails */,
				DAB3A266298D9B68004A1AB4 /* Character */,
				DAB3A261298472A8004A1AB4 /* RMFooterLoadingCollectionReusableView.swift */,
			);
			path = Views;
			sourceTree = "<group>";
		};
		DA20A7EC2970FFB500B90D72 /* ViewModels */ = {
			isa = PBXGroup;
			children = (
				DAB3A26D298D9C15004A1AB4 /* CharacterDetail */,
				DA5B6EEA2974858E00CA4D7B /* RMCharacterListViewViewModel.swift */,
				DA3C335C2977937900242AAC /* RMCharacterCollectionViewCellViewModel.swift */,
				DA8010902995EFA500EB3EDB /* RMEpisodeDetailViewViewModel.swift */,
				DA80109829988FFF00EB3EDB /* RMEpisodeListViewViewModel.swift */,
			);
			path = ViewModels;
			sourceTree = "<group>";
		};
		DA20A7ED2970FFE400B90D72 /* Models */ = {
			isa = PBXGroup;
			children = (
				DA5B6EE529738AEF00CA4D7B /* DataType */,
				DA80109A2998948500EB3EDB /* APIResponseTypes */,
			);
			path = Models;
			sourceTree = "<group>";
		};
		DA20A7EE2970FFEC00B90D72 /* Resources */ = {
			isa = PBXGroup;
			children = (
				DA20A7B92970FF3A00B90D72 /* AppDelegate.swift */,
				DA20A7BB2970FF3A00B90D72 /* SceneDelegate.swift */,
				DA20A7C22970FF3B00B90D72 /* Assets.xcassets */,
				DA20A7C42970FF3B00B90D72 /* LaunchScreen.storyboard */,
				DA5B6EEF29748FFE00CA4D7B /* Extensions.swift */,
			);
			path = Resources;
			sourceTree = "<group>";
		};
		DA20A7EF2970FFF700B90D72 /* Controllers */ = {
			isa = PBXGroup;
			children = (
				DAB3A25A2982FFD4004A1AB4 /* Other */,
				DAB3A2592982FF3D004A1AB4 /* Core */,
			);
			path = Controllers;
			sourceTree = "<group>";
		};
		DA5B6EE529738AEF00CA4D7B /* DataType */ = {
			isa = PBXGroup;
			children = (
				DA20A7F02971007200B90D72 /* RMLocation.swift */,
				DA20A7F42971008600B90D72 /* RMEpisode.swift */,
				DA20A7F6297100A300B90D72 /* RMCharacter.swift */,
				DA5B6EDD297232E700CA4D7B /* RMOrigin.swift */,
				DA5B6EDF2972338600CA4D7B /* RMSingleLocation.swift */,
				DA5B6EE1297234E200CA4D7B /* RMCharacterStatus.swift */,
				DA5B6EE32972373400CA4D7B /* RMCharacterGender.swift */,
			);
			path = DataType;
			sourceTree = "<group>";
		};
		DA801094299889EE00EB3EDB /* Episode */ = {
			isa = PBXGroup;
			children = (
				DA8010922995F00500EB3EDB /* RMEpisodeDetailView.swift */,
				DA80109F29989B1F00EB3EDB /* RMEpisodeListView.swift */,
			);
			path = Episode;
			sourceTree = "<group>";
		};
		DA80109A2998948500EB3EDB /* APIResponseTypes */ = {
			isa = PBXGroup;
			children = (
				DA5B6EE829738B4E00CA4D7B /* RMGetAllCharactersResponse.swift */,
				DA80109B299894B300EB3EDB /* RMGetAllEpisodesResponse.swift */,
			);
			path = APIResponseTypes;
			sourceTree = "<group>";
		};
		DAB3A2592982FF3D004A1AB4 /* Core */ = {
			isa = PBXGroup;
			children = (
				DA20A7BD2970FF3A00B90D72 /* RMTabViewController.swift */,
				DA20A7F82971015800B90D72 /* RMCharacterViewController.swift */,
				DA80109D2998998800EB3EDB /* RMEpisodeController.swift */,
				DA20A7FA2971016600B90D72 /* RMLocationViewController.swift */,
				DA20A7FE2971017A00B90D72 /* RMSettingsViewController.swift */,
			);
			path = Core;
			sourceTree = "<group>";
		};
		DAB3A25A2982FFD4004A1AB4 /* Other */ = {
			isa = PBXGroup;
			children = (
				DAB3A25B2982FFFE004A1AB4 /* RMCharacterDetailViewController.swift */,
				DA9C61F62992B6EF0099EA2E /* RMEpisodeDetailViewController.swift */,
				DA8010A1299C63A200EB3EDB /* RMSearchViewController.swift */,
			);
			path = Other;
			sourceTree = "<group>";
		};
		DAB3A265298D9B42004A1AB4 /* CharacterDetails */ = {
			isa = PBXGroup;
			children = (
				DAB3A25D298300D4004A1AB4 /* RMCharacterDetailView.swift */,
				DAB3A267298D9BC5004A1AB4 /* RMCharacterPhotoCollectionViewCell.swift */,
				DAB3A269298D9BE8004A1AB4 /* RMCharacterInfoCollectionViewCell.swift */,
				DAB3A26B298D9BFA004A1AB4 /* RMCharacterEpisodeCollectionViewCell.swift */,
			);
			path = CharacterDetails;
			sourceTree = "<group>";
		};
		DAB3A266298D9B68004A1AB4 /* Character */ = {
			isa = PBXGroup;
			children = (
				DA5B6EEC2974861B00CA4D7B /* RMCharacterListView.swift */,
				DA3C335A2977904F00242AAC /* RMCharacterCollectionViewCell.swift */,
			);
			path = Character;
			sourceTree = "<group>";
		};
		DAB3A26D298D9C15004A1AB4 /* CharacterDetail */ = {
			isa = PBXGroup;
			children = (
				DAB3A25F2983010F004A1AB4 /* RMCharacterDetailViewViewModel.swift */,
				DAB3A26E298D9C3F004A1AB4 /* RMCharacterPhotoCollectionViewCellViewModel.swift */,
				DAB3A270298D9C54004A1AB4 /* RMCharacterInfoCollectionViewCellViewModel.swift */,
				DAB3A272298D9C61004A1AB4 /* RMCharacterEpisodeCollectionViewCellViewModel.swift */,
			);
			path = CharacterDetail;
			sourceTree = "<group>";
		};
/* End PBXGroup section */

/* Begin PBXNativeTarget section */
		DA20A7B52970FF3A00B90D72 /* RickAndMorty */ = {
			isa = PBXNativeTarget;
			buildConfigurationList = DA20A7E02970FF3B00B90D72 /* Build configuration list for PBXNativeTarget "RickAndMorty" */;
			buildPhases = (
				DA20A7B22970FF3A00B90D72 /* Sources */,
				DA20A7B32970FF3A00B90D72 /* Frameworks */,
				DA20A7B42970FF3A00B90D72 /* Resources */,
			);
			buildRules = (
			);
			dependencies = (
			);
			name = RickAndMorty;
			productName = RickAndMorty;
			productReference = DA20A7B62970FF3A00B90D72 /* RickAndMorty.app */;
			productType = "com.apple.product-type.application";
		};
		DA20A7CB2970FF3B00B90D72 /* RickAndMortyTests */ = {
			isa = PBXNativeTarget;
			buildConfigurationList = DA20A7E32970FF3B00B90D72 /* Build configuration list for PBXNativeTarget "RickAndMortyTests" */;
			buildPhases = (
				DA20A7C82970FF3B00B90D72 /* Sources */,
				DA20A7C92970FF3B00B90D72 /* Frameworks */,
				DA20A7CA2970FF3B00B90D72 /* Resources */,
			);
			buildRules = (
			);
			dependencies = (
				DA20A7CE2970FF3B00B90D72 /* PBXTargetDependency */,
			);
			name = RickAndMortyTests;
			productName = RickAndMortyTests;
			productReference = DA20A7CC2970FF3B00B90D72 /* RickAndMortyTests.xctest */;
			productType = "com.apple.product-type.bundle.unit-test";
		};
		DA20A7D52970FF3B00B90D72 /* RickAndMortyUITests */ = {
			isa = PBXNativeTarget;
			buildConfigurationList = DA20A7E62970FF3B00B90D72 /* Build configuration list for PBXNativeTarget "RickAndMortyUITests" */;
			buildPhases = (
				DA20A7D22970FF3B00B90D72 /* Sources */,
				DA20A7D32970FF3B00B90D72 /* Frameworks */,
				DA20A7D42970FF3B00B90D72 /* Resources */,
			);
			buildRules = (
			);
			dependencies = (
				DA20A7D82970FF3B00B90D72 /* PBXTargetDependency */,
			);
			name = RickAndMortyUITests;
			productName = RickAndMortyUITests;
			productReference = DA20A7D62970FF3B00B90D72 /* RickAndMortyUITests.xctest */;
			productType = "com.apple.product-type.bundle.ui-testing";
		};
/* End PBXNativeTarget section */

/* Begin PBXProject section */
		DA20A7AE2970FF3A00B90D72 /* Project object */ = {
			isa = PBXProject;
			attributes = {
				BuildIndependentTargetsInParallel = 1;
				LastSwiftUpdateCheck = 1410;
				LastUpgradeCheck = 1410;
				TargetAttributes = {
					DA20A7B52970FF3A00B90D72 = {
						CreatedOnToolsVersion = 14.1;
					};
					DA20A7CB2970FF3B00B90D72 = {
						CreatedOnToolsVersion = 14.1;
						TestTargetID = DA20A7B52970FF3A00B90D72;
					};
					DA20A7D52970FF3B00B90D72 = {
						CreatedOnToolsVersion = 14.1;
						TestTargetID = DA20A7B52970FF3A00B90D72;
					};
				};
			};
			buildConfigurationList = DA20A7B12970FF3A00B90D72 /* Build configuration list for PBXProject "RickAndMorty" */;
			compatibilityVersion = "Xcode 14.0";
			developmentRegion = en;
			hasScannedForEncodings = 0;
			knownRegions = (
				en,
				Base,
			);
			mainGroup = DA20A7AD2970FF3A00B90D72;
			productRefGroup = DA20A7B72970FF3A00B90D72 /* Products */;
			projectDirPath = "";
			projectRoot = "";
			targets = (
				DA20A7B52970FF3A00B90D72 /* RickAndMorty */,
				DA20A7CB2970FF3B00B90D72 /* RickAndMortyTests */,
				DA20A7D52970FF3B00B90D72 /* RickAndMortyUITests */,
			);
		};
/* End PBXProject section */

/* Begin PBXResourcesBuildPhase section */
		DA20A7B42970FF3A00B90D72 /* Resources */ = {
			isa = PBXResourcesBuildPhase;
			buildActionMask = 2147483647;
			files = (
				DA20A7C62970FF3B00B90D72 /* LaunchScreen.storyboard in Resources */,
				DA20A7C32970FF3B00B90D72 /* Assets.xcassets in Resources */,
			);
			runOnlyForDeploymentPostprocessing = 0;
		};
		DA20A7CA2970FF3B00B90D72 /* Resources */ = {
			isa = PBXResourcesBuildPhase;
			buildActionMask = 2147483647;
			files = (
			);
			runOnlyForDeploymentPostprocessing = 0;
		};
		DA20A7D42970FF3B00B90D72 /* Resources */ = {
			isa = PBXResourcesBuildPhase;
			buildActionMask = 2147483647;
			files = (
			);
			runOnlyForDeploymentPostprocessing = 0;
		};
/* End PBXResourcesBuildPhase section */

/* Begin PBXSourcesBuildPhase section */
		DA20A7B22970FF3A00B90D72 /* Sources */ = {
			isa = PBXSourcesBuildPhase;
			buildActionMask = 2147483647;
			files = (
				DA5B6EDE297232E700CA4D7B /* RMOrigin.swift in Sources */,
				DA8010932995F00500EB3EDB /* RMEpisodeDetailView.swift in Sources */,
				DA80109E2998998800EB3EDB /* RMEpisodeController.swift in Sources */,
				DA8010A2299C63A200EB3EDB /* RMSearchViewController.swift in Sources */,
				DAB3A26C298D9BFA004A1AB4 /* RMCharacterEpisodeCollectionViewCell.swift in Sources */,
				DA5B6EE02972338600CA4D7B /* RMSingleLocation.swift in Sources */,
				DA80109929988FFF00EB3EDB /* RMEpisodeListViewViewModel.swift in Sources */,
				DA5B6EE2297234E200CA4D7B /* RMCharacterStatus.swift in Sources */,
				DA5B6EE42972373400CA4D7B /* RMCharacterGender.swift in Sources */,
				DA20A7FB2971016600B90D72 /* RMLocationViewController.swift in Sources */,
				DA20A7F7297100A300B90D72 /* RMCharacter.swift in Sources */,
				DA20A7BE2970FF3A00B90D72 /* RMTabViewController.swift in Sources */,
				DAB3A271298D9C54004A1AB4 /* RMCharacterInfoCollectionViewCellViewModel.swift in Sources */,
				DA20A7BA2970FF3A00B90D72 /* AppDelegate.swift in Sources */,
				DA5B6EEB2974858E00CA4D7B /* RMCharacterListViewViewModel.swift in Sources */,
				DA5B6EF029748FFE00CA4D7B /* Extensions.swift in Sources */,
				DA8010912995EFA500EB3EDB /* RMEpisodeDetailViewViewModel.swift in Sources */,
				DA5B6EED2974861B00CA4D7B /* RMCharacterListView.swift in Sources */,
				DAB3A25C2982FFFE004A1AB4 /* RMCharacterDetailViewController.swift in Sources */,
				DAB3A26A298D9BE8004A1AB4 /* RMCharacterInfoCollectionViewCell.swift in Sources */,
				DA8010A029989B1F00EB3EDB /* RMEpisodeListView.swift in Sources */,
				DA80109C299894B300EB3EDB /* RMGetAllEpisodesResponse.swift in Sources */,
				DA20A7FF2971017A00B90D72 /* RMSettingsViewController.swift in Sources */,
				DA9C61F72992B6EF0099EA2E /* RMEpisodeDetailViewController.swift in Sources */,
				DA20A7F52971008600B90D72 /* RMEpisode.swift in Sources */,
				DAB3A268298D9BC5004A1AB4 /* RMCharacterPhotoCollectionViewCell.swift in Sources */,
				DA20A7BC2970FF3A00B90D72 /* SceneDelegate.swift in Sources */,
				DA5B6ED72972289800CA4D7B /* RMService.swift in Sources */,
				DAB3A2602983010F004A1AB4 /* RMCharacterDetailViewViewModel.swift in Sources */,
				DA20A7F12971007200B90D72 /* RMLocation.swift in Sources */,
				DAB3A264298761BF004A1AB4 /* RMImageLoader.swift in Sources */,
				DAB3A25E298300D4004A1AB4 /* RMCharacterDetailView.swift in Sources */,
				DAB3A273298D9C61004A1AB4 /* RMCharacterEpisodeCollectionViewCellViewModel.swift in Sources */,
				DA5B6EDC297229A800CA4D7B /* RMEndpoint.swift in Sources */,
				DA80108F2995E1AE00EB3EDB /* RMAPICacheManager.swift in Sources */,
				DA20A7F92971015800B90D72 /* RMCharacterViewController.swift in Sources */,
				DA3C335B2977905000242AAC /* RMCharacterCollectionViewCell.swift in Sources */,
				DAB3A26F298D9C3F004A1AB4 /* RMCharacterPhotoCollectionViewCellViewModel.swift in Sources */,
				DA5B6EE929738B4E00CA4D7B /* RMGetAllCharactersResponse.swift in Sources */,
				DAB3A262298472A8004A1AB4 /* RMFooterLoadingCollectionReusableView.swift in Sources */,
				DA5B6EDA297228B900CA4D7B /* RMRequest.swift in Sources */,
				DA3C335D2977937900242AAC /* RMCharacterCollectionViewCellViewModel.swift in Sources */,
			);
			runOnlyForDeploymentPostprocessing = 0;
		};
		DA20A7C82970FF3B00B90D72 /* Sources */ = {
			isa = PBXSourcesBuildPhase;
			buildActionMask = 2147483647;
			files = (
				DA20A7D12970FF3B00B90D72 /* RickAndMortyTests.swift in Sources */,
			);
			runOnlyForDeploymentPostprocessing = 0;
		};
		DA20A7D22970FF3B00B90D72 /* Sources */ = {
			isa = PBXSourcesBuildPhase;
			buildActionMask = 2147483647;
			files = (
				DA20A7DB2970FF3B00B90D72 /* RickAndMortyUITests.swift in Sources */,
				DA20A7DD2970FF3B00B90D72 /* RickAndMortyUITestsLaunchTests.swift in Sources */,
			);
			runOnlyForDeploymentPostprocessing = 0;
		};
/* End PBXSourcesBuildPhase section */

/* Begin PBXTargetDependency section */
		DA20A7CE2970FF3B00B90D72 /* PBXTargetDependency */ = {
			isa = PBXTargetDependency;
			target = DA20A7B52970FF3A00B90D72 /* RickAndMorty */;
			targetProxy = DA20A7CD2970FF3B00B90D72 /* PBXContainerItemProxy */;
		};
		DA20A7D82970FF3B00B90D72 /* PBXTargetDependency */ = {
			isa = PBXTargetDependency;
			target = DA20A7B52970FF3A00B90D72 /* RickAndMorty */;
			targetProxy = DA20A7D72970FF3B00B90D72 /* PBXContainerItemProxy */;
		};
/* End PBXTargetDependency section */

/* Begin PBXVariantGroup section */
		DA20A7C42970FF3B00B90D72 /* LaunchScreen.storyboard */ = {
			isa = PBXVariantGroup;
			children = (
				DA20A7C52970FF3B00B90D72 /* Base */,
			);
			name = LaunchScreen.storyboard;
			sourceTree = "<group>";
		};
/* End PBXVariantGroup section */

/* Begin XCBuildConfiguration section */
		DA20A7DE2970FF3B00B90D72 /* Debug */ = {
			isa = XCBuildConfiguration;
			buildSettings = {
				ALWAYS_SEARCH_USER_PATHS = NO;
				CLANG_ANALYZER_NONNULL = YES;
				CLANG_ANALYZER_NUMBER_OBJECT_CONVERSION = YES_AGGRESSIVE;
				CLANG_CXX_LANGUAGE_STANDARD = "gnu++20";
				CLANG_ENABLE_MODULES = YES;
				CLANG_ENABLE_OBJC_ARC = YES;
				CLANG_ENABLE_OBJC_WEAK = YES;
				CLANG_WARN_BLOCK_CAPTURE_AUTORELEASING = YES;
				CLANG_WARN_BOOL_CONVERSION = YES;
				CLANG_WARN_COMMA = YES;
				CLANG_WARN_CONSTANT_CONVERSION = YES;
				CLANG_WARN_DEPRECATED_OBJC_IMPLEMENTATIONS = YES;
				CLANG_WARN_DIRECT_OBJC_ISA_USAGE = YES_ERROR;
				CLANG_WARN_DOCUMENTATION_COMMENTS = YES;
				CLANG_WARN_EMPTY_BODY = YES;
				CLANG_WARN_ENUM_CONVERSION = YES;
				CLANG_WARN_INFINITE_RECURSION = YES;
				CLANG_WARN_INT_CONVERSION = YES;
				CLANG_WARN_NON_LITERAL_NULL_CONVERSION = YES;
				CLANG_WARN_OBJC_IMPLICIT_RETAIN_SELF = YES;
				CLANG_WARN_OBJC_LITERAL_CONVERSION = YES;
				CLANG_WARN_OBJC_ROOT_CLASS = YES_ERROR;
				CLANG_WARN_QUOTED_INCLUDE_IN_FRAMEWORK_HEADER = YES;
				CLANG_WARN_RANGE_LOOP_ANALYSIS = YES;
				CLANG_WARN_STRICT_PROTOTYPES = YES;
				CLANG_WARN_SUSPICIOUS_MOVE = YES;
				CLANG_WARN_UNGUARDED_AVAILABILITY = YES_AGGRESSIVE;
				CLANG_WARN_UNREACHABLE_CODE = YES;
				CLANG_WARN__DUPLICATE_METHOD_MATCH = YES;
				COPY_PHASE_STRIP = NO;
				DEBUG_INFORMATION_FORMAT = dwarf;
				ENABLE_STRICT_OBJC_MSGSEND = YES;
				ENABLE_TESTABILITY = YES;
				GCC_C_LANGUAGE_STANDARD = gnu11;
				GCC_DYNAMIC_NO_PIC = NO;
				GCC_NO_COMMON_BLOCKS = YES;
				GCC_OPTIMIZATION_LEVEL = 0;
				GCC_PREPROCESSOR_DEFINITIONS = (
					"DEBUG=1",
					"$(inherited)",
				);
				GCC_WARN_64_TO_32_BIT_CONVERSION = YES;
				GCC_WARN_ABOUT_RETURN_TYPE = YES_ERROR;
				GCC_WARN_UNDECLARED_SELECTOR = YES;
				GCC_WARN_UNINITIALIZED_AUTOS = YES_AGGRESSIVE;
				GCC_WARN_UNUSED_FUNCTION = YES;
				GCC_WARN_UNUSED_VARIABLE = YES;
				IPHONEOS_DEPLOYMENT_TARGET = 16.1;
				MTL_ENABLE_DEBUG_INFO = INCLUDE_SOURCE;
				MTL_FAST_MATH = YES;
				ONLY_ACTIVE_ARCH = YES;
				SDKROOT = iphoneos;
				SWIFT_ACTIVE_COMPILATION_CONDITIONS = DEBUG;
				SWIFT_OPTIMIZATION_LEVEL = "-Onone";
			};
			name = Debug;
		};
		DA20A7DF2970FF3B00B90D72 /* Release */ = {
			isa = XCBuildConfiguration;
			buildSettings = {
				ALWAYS_SEARCH_USER_PATHS = NO;
				CLANG_ANALYZER_NONNULL = YES;
				CLANG_ANALYZER_NUMBER_OBJECT_CONVERSION = YES_AGGRESSIVE;
				CLANG_CXX_LANGUAGE_STANDARD = "gnu++20";
				CLANG_ENABLE_MODULES = YES;
				CLANG_ENABLE_OBJC_ARC = YES;
				CLANG_ENABLE_OBJC_WEAK = YES;
				CLANG_WARN_BLOCK_CAPTURE_AUTORELEASING = YES;
				CLANG_WARN_BOOL_CONVERSION = YES;
				CLANG_WARN_COMMA = YES;
				CLANG_WARN_CONSTANT_CONVERSION = YES;
				CLANG_WARN_DEPRECATED_OBJC_IMPLEMENTATIONS = YES;
				CLANG_WARN_DIRECT_OBJC_ISA_USAGE = YES_ERROR;
				CLANG_WARN_DOCUMENTATION_COMMENTS = YES;
				CLANG_WARN_EMPTY_BODY = YES;
				CLANG_WARN_ENUM_CONVERSION = YES;
				CLANG_WARN_INFINITE_RECURSION = YES;
				CLANG_WARN_INT_CONVERSION = YES;
				CLANG_WARN_NON_LITERAL_NULL_CONVERSION = YES;
				CLANG_WARN_OBJC_IMPLICIT_RETAIN_SELF = YES;
				CLANG_WARN_OBJC_LITERAL_CONVERSION = YES;
				CLANG_WARN_OBJC_ROOT_CLASS = YES_ERROR;
				CLANG_WARN_QUOTED_INCLUDE_IN_FRAMEWORK_HEADER = YES;
				CLANG_WARN_RANGE_LOOP_ANALYSIS = YES;
				CLANG_WARN_STRICT_PROTOTYPES = YES;
				CLANG_WARN_SUSPICIOUS_MOVE = YES;
				CLANG_WARN_UNGUARDED_AVAILABILITY = YES_AGGRESSIVE;
				CLANG_WARN_UNREACHABLE_CODE = YES;
				CLANG_WARN__DUPLICATE_METHOD_MATCH = YES;
				COPY_PHASE_STRIP = NO;
				DEBUG_INFORMATION_FORMAT = "dwarf-with-dsym";
				ENABLE_NS_ASSERTIONS = NO;
				ENABLE_STRICT_OBJC_MSGSEND = YES;
				GCC_C_LANGUAGE_STANDARD = gnu11;
				GCC_NO_COMMON_BLOCKS = YES;
				GCC_WARN_64_TO_32_BIT_CONVERSION = YES;
				GCC_WARN_ABOUT_RETURN_TYPE = YES_ERROR;
				GCC_WARN_UNDECLARED_SELECTOR = YES;
				GCC_WARN_UNINITIALIZED_AUTOS = YES_AGGRESSIVE;
				GCC_WARN_UNUSED_FUNCTION = YES;
				GCC_WARN_UNUSED_VARIABLE = YES;
				IPHONEOS_DEPLOYMENT_TARGET = 16.1;
				MTL_ENABLE_DEBUG_INFO = NO;
				MTL_FAST_MATH = YES;
				SDKROOT = iphoneos;
				SWIFT_COMPILATION_MODE = wholemodule;
				SWIFT_OPTIMIZATION_LEVEL = "-O";
				VALIDATE_PRODUCT = YES;
			};
			name = Release;
		};
		DA20A7E12970FF3B00B90D72 /* Debug */ = {
			isa = XCBuildConfiguration;
			buildSettings = {
				ASSETCATALOG_COMPILER_APPICON_NAME = AppIcon;
				ASSETCATALOG_COMPILER_GLOBAL_ACCENT_COLOR_NAME = AccentColor;
				CODE_SIGN_STYLE = Automatic;
				CURRENT_PROJECT_VERSION = 1;
				DEVELOPMENT_TEAM = T2QN9DP7M8;
				GENERATE_INFOPLIST_FILE = YES;
				INFOPLIST_FILE = RickAndMorty/Info.plist;
				INFOPLIST_KEY_UIApplicationSupportsIndirectInputEvents = YES;
				INFOPLIST_KEY_UILaunchStoryboardName = LaunchScreen;
				INFOPLIST_KEY_UISupportedInterfaceOrientations_iPad = "UIInterfaceOrientationPortrait UIInterfaceOrientationPortraitUpsideDown UIInterfaceOrientationLandscapeLeft UIInterfaceOrientationLandscapeRight";
				INFOPLIST_KEY_UISupportedInterfaceOrientations_iPhone = "UIInterfaceOrientationPortrait UIInterfaceOrientationLandscapeLeft UIInterfaceOrientationLandscapeRight";
				LD_RUNPATH_SEARCH_PATHS = (
					"$(inherited)",
					"@executable_path/Frameworks",
				);
				MARKETING_VERSION = 1.0;
				PRODUCT_BUNDLE_IDENTIFIER = Brainyeh.RickAndMorty;
				PRODUCT_NAME = "$(TARGET_NAME)";
				SWIFT_EMIT_LOC_STRINGS = YES;
				SWIFT_VERSION = 5.0;
				TARGETED_DEVICE_FAMILY = "1,2";
			};
			name = Debug;
		};
		DA20A7E22970FF3B00B90D72 /* Release */ = {
			isa = XCBuildConfiguration;
			buildSettings = {
				ASSETCATALOG_COMPILER_APPICON_NAME = AppIcon;
				ASSETCATALOG_COMPILER_GLOBAL_ACCENT_COLOR_NAME = AccentColor;
				CODE_SIGN_STYLE = Automatic;
				CURRENT_PROJECT_VERSION = 1;
				DEVELOPMENT_TEAM = T2QN9DP7M8;
				GENERATE_INFOPLIST_FILE = YES;
				INFOPLIST_FILE = RickAndMorty/Info.plist;
				INFOPLIST_KEY_UIApplicationSupportsIndirectInputEvents = YES;
				INFOPLIST_KEY_UILaunchStoryboardName = LaunchScreen;
				INFOPLIST_KEY_UISupportedInterfaceOrientations_iPad = "UIInterfaceOrientationPortrait UIInterfaceOrientationPortraitUpsideDown UIInterfaceOrientationLandscapeLeft UIInterfaceOrientationLandscapeRight";
				INFOPLIST_KEY_UISupportedInterfaceOrientations_iPhone = "UIInterfaceOrientationPortrait UIInterfaceOrientationLandscapeLeft UIInterfaceOrientationLandscapeRight";
				LD_RUNPATH_SEARCH_PATHS = (
					"$(inherited)",
					"@executable_path/Frameworks",
				);
				MARKETING_VERSION = 1.0;
				PRODUCT_BUNDLE_IDENTIFIER = Brainyeh.RickAndMorty;
				PRODUCT_NAME = "$(TARGET_NAME)";
				SWIFT_EMIT_LOC_STRINGS = YES;
				SWIFT_VERSION = 5.0;
				TARGETED_DEVICE_FAMILY = "1,2";
			};
			name = Release;
		};
		DA20A7E42970FF3B00B90D72 /* Debug */ = {
			isa = XCBuildConfiguration;
			buildSettings = {
				ALWAYS_EMBED_SWIFT_STANDARD_LIBRARIES = YES;
				BUNDLE_LOADER = "$(TEST_HOST)";
				CODE_SIGN_STYLE = Automatic;
				CURRENT_PROJECT_VERSION = 1;
				DEVELOPMENT_TEAM = T2QN9DP7M8;
				GENERATE_INFOPLIST_FILE = YES;
				IPHONEOS_DEPLOYMENT_TARGET = 16.1;
				MARKETING_VERSION = 1.0;
				PRODUCT_BUNDLE_IDENTIFIER = Brainyeh.RickAndMortyTests;
				PRODUCT_NAME = "$(TARGET_NAME)";
				SWIFT_EMIT_LOC_STRINGS = NO;
				SWIFT_VERSION = 5.0;
				TARGETED_DEVICE_FAMILY = "1,2";
				TEST_HOST = "$(BUILT_PRODUCTS_DIR)/RickAndMorty.app/$(BUNDLE_EXECUTABLE_FOLDER_PATH)/RickAndMorty";
			};
			name = Debug;
		};
		DA20A7E52970FF3B00B90D72 /* Release */ = {
			isa = XCBuildConfiguration;
			buildSettings = {
				ALWAYS_EMBED_SWIFT_STANDARD_LIBRARIES = YES;
				BUNDLE_LOADER = "$(TEST_HOST)";
				CODE_SIGN_STYLE = Automatic;
				CURRENT_PROJECT_VERSION = 1;
				DEVELOPMENT_TEAM = T2QN9DP7M8;
				GENERATE_INFOPLIST_FILE = YES;
				IPHONEOS_DEPLOYMENT_TARGET = 16.1;
				MARKETING_VERSION = 1.0;
				PRODUCT_BUNDLE_IDENTIFIER = Brainyeh.RickAndMortyTests;
				PRODUCT_NAME = "$(TARGET_NAME)";
				SWIFT_EMIT_LOC_STRINGS = NO;
				SWIFT_VERSION = 5.0;
				TARGETED_DEVICE_FAMILY = "1,2";
				TEST_HOST = "$(BUILT_PRODUCTS_DIR)/RickAndMorty.app/$(BUNDLE_EXECUTABLE_FOLDER_PATH)/RickAndMorty";
			};
			name = Release;
		};
		DA20A7E72970FF3B00B90D72 /* Debug */ = {
			isa = XCBuildConfiguration;
			buildSettings = {
				ALWAYS_EMBED_SWIFT_STANDARD_LIBRARIES = YES;
				CODE_SIGN_STYLE = Automatic;
				CURRENT_PROJECT_VERSION = 1;
				DEVELOPMENT_TEAM = T2QN9DP7M8;
				GENERATE_INFOPLIST_FILE = YES;
				MARKETING_VERSION = 1.0;
				PRODUCT_BUNDLE_IDENTIFIER = Brainyeh.RickAndMortyUITests;
				PRODUCT_NAME = "$(TARGET_NAME)";
				SWIFT_EMIT_LOC_STRINGS = NO;
				SWIFT_VERSION = 5.0;
				TARGETED_DEVICE_FAMILY = "1,2";
				TEST_TARGET_NAME = RickAndMorty;
			};
			name = Debug;
		};
		DA20A7E82970FF3B00B90D72 /* Release */ = {
			isa = XCBuildConfiguration;
			buildSettings = {
				ALWAYS_EMBED_SWIFT_STANDARD_LIBRARIES = YES;
				CODE_SIGN_STYLE = Automatic;
				CURRENT_PROJECT_VERSION = 1;
				DEVELOPMENT_TEAM = T2QN9DP7M8;
				GENERATE_INFOPLIST_FILE = YES;
				MARKETING_VERSION = 1.0;
				PRODUCT_BUNDLE_IDENTIFIER = Brainyeh.RickAndMortyUITests;
				PRODUCT_NAME = "$(TARGET_NAME)";
				SWIFT_EMIT_LOC_STRINGS = NO;
				SWIFT_VERSION = 5.0;
				TARGETED_DEVICE_FAMILY = "1,2";
				TEST_TARGET_NAME = RickAndMorty;
			};
			name = Release;
		};
/* End XCBuildConfiguration section */

/* Begin XCConfigurationList section */
		DA20A7B12970FF3A00B90D72 /* Build configuration list for PBXProject "RickAndMorty" */ = {
			isa = XCConfigurationList;
			buildConfigurations = (
				DA20A7DE2970FF3B00B90D72 /* Debug */,
				DA20A7DF2970FF3B00B90D72 /* Release */,
			);
			defaultConfigurationIsVisible = 0;
			defaultConfigurationName = Release;
		};
		DA20A7E02970FF3B00B90D72 /* Build configuration list for PBXNativeTarget "RickAndMorty" */ = {
			isa = XCConfigurationList;
			buildConfigurations = (
				DA20A7E12970FF3B00B90D72 /* Debug */,
				DA20A7E22970FF3B00B90D72 /* Release */,
			);
			defaultConfigurationIsVisible = 0;
			defaultConfigurationName = Release;
		};
		DA20A7E32970FF3B00B90D72 /* Build configuration list for PBXNativeTarget "RickAndMortyTests" */ = {
			isa = XCConfigurationList;
			buildConfigurations = (
				DA20A7E42970FF3B00B90D72 /* Debug */,
				DA20A7E52970FF3B00B90D72 /* Release */,
			);
			defaultConfigurationIsVisible = 0;
			defaultConfigurationName = Release;
		};
		DA20A7E62970FF3B00B90D72 /* Build configuration list for PBXNativeTarget "RickAndMortyUITests" */ = {
			isa = XCConfigurationList;
			buildConfigurations = (
				DA20A7E72970FF3B00B90D72 /* Debug */,
				DA20A7E82970FF3B00B90D72 /* Release */,
			);
			defaultConfigurationIsVisible = 0;
			defaultConfigurationName = Release;
		};
/* End XCConfigurationList section */
	};
	rootObject = DA20A7AE2970FF3A00B90D72 /* Project object */;
}
