// !$*UTF8*$!
{
	archiveVersion = 1;
	classes = {
	};
	objectVersion = 56;
	objects = {

/* Begin PBXBuildFile section */
		DA20A7BA2970FF3A00B90D72 /* AppDelegate.swift in Sources */ = {isa = PBXBuildFile; fileRef = DA20A7B92970FF3A00B90D72 /* AppDelegate.swift */; };
		DA20A7BC2970FF3A00B90D72 /* SceneDelegate.swift in Sources */ = {isa = PBXBuildFile; fileRef = DA20A7BB2970FF3A00B90D72 /* SceneDelegate.swift */; };
		DA20A7BE2970FF3A00B90D72 /* RMTabViewController.swift in Sources */ = {isa = PBXBuildFile; fileRef = DA20A7BD2970FF3A00B90D72 /* RMTabViewController.swift */; };
		DA20A7C32970FF3B00B90D72 /* Assets.xcassets in Resources */ = {isa = PBXBuildFile; fileRef = DA20A7C22970FF3B00B90D72 /* Assets.xcassets */; };
		DA20A7C62970FF3B00B90D72 /* LaunchScreen.storyboard in Resources */ = {isa = PBXBuildFile; fileRef = DA20A7C42970FF3B00B90D72 /* LaunchScreen.storyboard */; };
		DA20A7D12970FF3B00B90D72 /* RickAndMortyTests.swift in Sources */ = {isa = PBXBuildFile; fileRef = DA20A7D02970FF3B00B90D72 /* RickAndMortyTests.swift */; };
		DA20A7DB2970FF3B00B90D72 /* RickAndMortyUITests.swift in Sources */ = {isa = PBXBuildFile; fileRef = DA20A7DA2970FF3B00B90D72 /* RickAndMortyUITests.swift */; };
		DA20A7DD2970FF3B00B90D72 /* RickAndMortyUITestsLaunchTests.swift in Sources */ = {isa = PBXBuildFile; fileRef = DA20A7DC2970FF3B00B90D72 /* RickAndMortyUITestsLaunchTests.swift */; };
		DA20A7F12971007200B90D72 /* RMLocation.swift in Sources */ = {isa = PBXBuildFile; fileRef = DA20A7F02971007200B90D72 /* RMLocation.swift */; };
		DA20A7F52971008600B90D72 /* RMEipsode.swift in Sources */ = {isa = PBXBuildFile; fileRef = DA20A7F42971008600B90D72 /* RMEipsode.swift */; };
		DA20A7F7297100A300B90D72 /* RMCharacter.swift in Sources */ = {isa = PBXBuildFile; fileRef = DA20A7F6297100A300B90D72 /* RMCharacter.swift */; };
		DA20A7F92971015800B90D72 /* RMCharacterViewController.swift in Sources */ = {isa = PBXBuildFile; fileRef = DA20A7F82971015800B90D72 /* RMCharacterViewController.swift */; };
		DA20A7FB2971016600B90D72 /* RMLocationViewController.swift in Sources */ = {isa = PBXBuildFile; fileRef = DA20A7FA2971016600B90D72 /* RMLocationViewController.swift */; };
		DA20A7FD2971017100B90D72 /* RMEipsodeViewController.swift in Sources */ = {isa = PBXBuildFile; fileRef = DA20A7FC2971017100B90D72 /* RMEipsodeViewController.swift */; };
		DA20A7FF2971017A00B90D72 /* RMSettingViewController.swift in Sources */ = {isa = PBXBuildFile; fileRef = DA20A7FE2971017A00B90D72 /* RMSettingViewController.swift */; };
/* End PBXBuildFile section */

/* Begin PBXContainerItemProxy section */
		DA20A7CD2970FF3B00B90D72 /* PBXContainerItemProxy */ = {
			isa = PBXContainerItemProxy;
			containerPortal = DA20A7AE2970FF3A00B90D72 /* Project object */;
			proxyType = 1;
			remoteGlobalIDString = DA20A7B52970FF3A00B90D72;
			remoteInfo = RickAndMorty;
		};
		DA20A7D72970FF3B00B90D72 /* PBXContainerItemProxy */ = {
			isa = PBXContainerItemProxy;
			containerPortal = DA20A7AE2970FF3A00B90D72 /* Project object */;
			proxyType = 1;
			remoteGlobalIDString = DA20A7B52970FF3A00B90D72;
			remoteInfo = RickAndMorty;
		};
/* End PBXContainerItemProxy section */

/* Begin PBXFileReference section */
		DA20A7B62970FF3A00B90D72 /* RickAndMorty.app */ = {isa = PBXFileReference; explicitFileType = wrapper.application; includeInIndex = 0; path = RickAndMorty.app; sourceTree = BUILT_PRODUCTS_DIR; };
		DA20A7B92970FF3A00B90D72 /* AppDelegate.swift */ = {isa = PBXFileReference; lastKnownFileType = sourcecode.swift; path = AppDelegate.swift; sourceTree = "<group>"; };
		DA20A7BB2970FF3A00B90D72 /* SceneDelegate.swift */ = {isa = PBXFileReference; lastKnownFileType = sourcecode.swift; path = SceneDelegate.swift; sourceTree = "<group>"; };
		DA20A7BD2970FF3A00B90D72 /* RMTabViewController.swift */ = {isa = PBXFileReference; lastKnownFileType = sourcecode.swift; path = RMTabViewController.swift; sourceTree = "<group>"; };
		DA20A7C22970FF3B00B90D72 /* Assets.xcassets */ = {isa = PBXFileReference; lastKnownFileType = folder.assetcatalog; path = Assets.xcassets; sourceTree = "<group>"; };
		DA20A7C52970FF3B00B90D72 /* Base */ = {isa = PBXFileReference; lastKnownFileType = file.storyboard; name = Base; path = Base.lproj/LaunchScreen.storyboard; sourceTree = "<group>"; };
		DA20A7C72970FF3B00B90D72 /* Info.plist */ = {isa = PBXFileReference; lastKnownFileType = text.plist.xml; path = Info.plist; sourceTree = "<group>"; };
		DA20A7CC2970FF3B00B90D72 /* RickAndMortyTests.xctest */ = {isa = PBXFileReference; explicitFileType = wrapper.cfbundle; includeInIndex = 0; path = RickAndMortyTests.xctest; sourceTree = BUILT_PRODUCTS_DIR; };
		DA20A7D02970FF3B00B90D72 /* RickAndMortyTests.swift */ = {isa = PBXFileReference; lastKnownFileType = sourcecode.swift; path = RickAndMortyTests.swift; sourceTree = "<group>"; };
		DA20A7D62970FF3B00B90D72 /* RickAndMortyUITests.xctest */ = {isa = PBXFileReference; explicitFileType = wrapper.cfbundle; includeInIndex = 0; path = RickAndMortyUITests.xctest; sourceTree = BUILT_PRODUCTS_DIR; };
		DA20A7DA2970FF3B00B90D72 /* RickAndMortyUITests.swift */ = {isa = PBXFileReference; lastKnownFileType = sourcecode.swift; path = RickAndMortyUITests.swift; sourceTree = "<group>"; };
		DA20A7DC2970FF3B00B90D72 /* RickAndMortyUITestsLaunchTests.swift */ = {isa = PBXFileReference; lastKnownFileType = sourcecode.swift; path = RickAndMortyUITestsLaunchTests.swift; sourceTree = "<group>"; };
		DA20A7F02971007200B90D72 /* RMLocation.swift */ = {isa = PBXFileReference; lastKnownFileType = sourcecode.swift; path = RMLocation.swift; sourceTree = "<group>"; };
		DA20A7F42971008600B90D72 /* RMEipsode.swift */ = {isa = PBXFileReference; lastKnownFileType = sourcecode.swift; path = RMEipsode.swift; sourceTree = "<group>"; };
		DA20A7F6297100A300B90D72 /* RMCharacter.swift */ = {isa = PBXFileReference; lastKnownFileType = sourcecode.swift; path = RMCharacter.swift; sourceTree = "<group>"; };
		DA20A7F82971015800B90D72 /* RMCharacterViewController.swift */ = {isa = PBXFileReference; lastKnownFileType = sourcecode.swift; path = RMCharacterViewController.swift; sourceTree = "<group>"; };
		DA20A7FA2971016600B90D72 /* RMLocationViewController.swift */ = {isa = PBXFileReference; lastKnownFileType = sourcecode.swift; path = RMLocationViewController.swift; sourceTree = "<group>"; };
		DA20A7FC2971017100B90D72 /* RMEipsodeViewController.swift */ = {isa = PBXFileReference; lastKnownFileType = sourcecode.swift; path = RMEipsodeViewController.swift; sourceTree = "<group>"; };
		DA20A7FE2971017A00B90D72 /* RMSettingViewController.swift */ = {isa = PBXFileReference; lastKnownFileType = sourcecode.swift; path = RMSettingViewController.swift; sourceTree = "<group>"; };
/* End PBXFileReference section */

/* Begin PBXFrameworksBuildPhase section */
		DA20A7B32970FF3A00B90D72 /* Frameworks */ = {
			isa = PBXFrameworksBuildPhase;
			buildActionMask = 2147483647;
			files = (
			);
			runOnlyForDeploymentPostprocessing = 0;
		};
		DA20A7C92970FF3B00B90D72 /* Frameworks */ = {
			isa = PBXFrameworksBuildPhase;
			buildActionMask = 2147483647;
			files = (
			);
			runOnlyForDeploymentPostprocessing = 0;
		};
		DA20A7D32970FF3B00B90D72 /* Frameworks */ = {
			isa = PBXFrameworksBuildPhase;
			buildActionMask = 2147483647;
			files = (
			);
			runOnlyForDeploymentPostprocessing = 0;
		};
/* End PBXFrameworksBuildPhase section */

/* Begin PBXGroup section */
		DA20A7AD2970FF3A00B90D72 = {
			isa = PBXGroup;
			children = (
				DA20A7B82970FF3A00B90D72 /* RickAndMorty */,
				DA20A7CF2970FF3B00B90D72 /* RickAndMortyTests */,
				DA20A7D92970FF3B00B90D72 /* RickAndMortyUITests */,
				DA20A7B72970FF3A00B90D72 /* Products */,
			);
			sourceTree = "<group>";
		};
		DA20A7B72970FF3A00B90D72 /* Products */ = {
			isa = PBXGroup;
			children = (
				DA20A7B62970FF3A00B90D72 /* RickAndMorty.app */,
				DA20A7CC2970FF3B00B90D72 /* RickAndMortyTests.xctest */,
				DA20A7D62970FF3B00B90D72 /* RickAndMortyUITests.xctest */,
			);
			name = Products;
			sourceTree = "<group>";
		};
		DA20A7B82970FF3A00B90D72 /* RickAndMorty */ = {
			isa = PBXGroup;
			children = (
				DA20A7EF2970FFF700B90D72 /* Controller */,
				DA20A7EE2970FFEC00B90D72 /* Resources */,
				DA20A7ED2970FFE400B90D72 /* Models */,
				DA20A7EC2970FFB500B90D72 /* ViewModels */,
				DA20A7EB2970FFAF00B90D72 /* Views */,
				DA20A7EA2970FFA200B90D72 /* APIClient */,
				DA20A7E92970FF9B00B90D72 /* Managers */,
				DA20A7C72970FF3B00B90D72 /* Info.plist */,
			);
			path = RickAndMorty;
			sourceTree = "<group>";
		};
		DA20A7CF2970FF3B00B90D72 /* RickAndMortyTests */ = {
			isa = PBXGroup;
			children = (
				DA20A7D02970FF3B00B90D72 /* RickAndMortyTests.swift */,
			);
			path = RickAndMortyTests;
			sourceTree = "<group>";
		};
		DA20A7D92970FF3B00B90D72 /* RickAndMortyUITests */ = {
			isa = PBXGroup;
			children = (
				DA20A7DA2970FF3B00B90D72 /* RickAndMortyUITests.swift */,
				DA20A7DC2970FF3B00B90D72 /* RickAndMortyUITestsLaunchTests.swift */,
			);
			path = RickAndMortyUITests;
			sourceTree = "<group>";
		};
		DA20A7E92970FF9B00B90D72 /* Managers */ = {
			isa = PBXGroup;
			children = (
			);
			path = Managers;
			sourceTree = "<group>";
		};
		DA20A7EA2970FFA200B90D72 /* APIClient */ = {
			isa = PBXGroup;
			children = (
			);
			path = APIClient;
			sourceTree = "<group>";
		};
		DA20A7EB2970FFAF00B90D72 /* Views */ = {
			isa = PBXGroup;
			children = (
			);
			path = Views;
			sourceTree = "<group>";
		};
		DA20A7EC2970FFB500B90D72 /* ViewModels */ = {
			isa = PBXGroup;
			children = (
			);
			path = ViewModels;
			sourceTree = "<group>";
		};
		DA20A7ED2970FFE400B90D72 /* Models */ = {
			isa = PBXGroup;
			children = (
				DA20A7F02971007200B90D72 /* RMLocation.swift */,
				DA20A7F42971008600B90D72 /* RMEipsode.swift */,
				DA20A7F6297100A300B90D72 /* RMCharacter.swift */,
			);
			path = Models;
			sourceTree = "<group>";
		};
		DA20A7EE2970FFEC00B90D72 /* Resources */ = {
			isa = PBXGroup;
			children = (
				DA20A7B92970FF3A00B90D72 /* AppDelegate.swift */,
				DA20A7BB2970FF3A00B90D72 /* SceneDelegate.swift */,
				DA20A7C22970FF3B00B90D72 /* Assets.xcassets */,
				DA20A7C42970FF3B00B90D72 /* LaunchScreen.storyboard */,
			);
			path = Resources;
			sourceTree = "<group>";
		};
		DA20A7EF2970FFF700B90D72 /* Controller */ = {
			isa = PBXGroup;
			children = (
				DA20A7BD2970FF3A00B90D72 /* RMTabViewController.swift */,
				DA20A7F82971015800B90D72 /* RMCharacterViewController.swift */,
				DA20A7FA2971016600B90D72 /* RMLocationViewController.swift */,
				DA20A7FC2971017100B90D72 /* RMEipsodeViewController.swift */,
				DA20A7FE2971017A00B90D72 /* RMSettingViewController.swift */,
			);
			path = Controller;
			sourceTree = "<group>";
		};
/* End PBXGroup section */

/* Begin PBXNativeTarget section */
		DA20A7B52970FF3A00B90D72 /* RickAndMorty */ = {
			isa = PBXNativeTarget;
			buildConfigurationList = DA20A7E02970FF3B00B90D72 /* Build configuration list for PBXNativeTarget "RickAndMorty" */;
			buildPhases = (
				DA20A7B22970FF3A00B90D72 /* Sources */,
				DA20A7B32970FF3A00B90D72 /* Frameworks */,
				DA20A7B42970FF3A00B90D72 /* Resources */,
			);
			buildRules = (
			);
			dependencies = (
			);
			name = RickAndMorty;
			productName = RickAndMorty;
			productReference = DA20A7B62970FF3A00B90D72 /* RickAndMorty.app */;
			productType = "com.apple.product-type.application";
		};
		DA20A7CB2970FF3B00B90D72 /* RickAndMortyTests */ = {
			isa = PBXNativeTarget;
			buildConfigurationList = DA20A7E32970FF3B00B90D72 /* Build configuration list for PBXNativeTarget "RickAndMortyTests" */;
			buildPhases = (
				DA20A7C82970FF3B00B90D72 /* Sources */,
				DA20A7C92970FF3B00B90D72 /* Frameworks */,
				DA20A7CA2970FF3B00B90D72 /* Resources */,
			);
			buildRules = (
			);
			dependencies = (
				DA20A7CE2970FF3B00B90D72 /* PBXTargetDependency */,
			);
			name = RickAndMortyTests;
			productName = RickAndMortyTests;
			productReference = DA20A7CC2970FF3B00B90D72 /* RickAndMortyTests.xctest */;
			productType = "com.apple.product-type.bundle.unit-test";
		};
		DA20A7D52970FF3B00B90D72 /* RickAndMortyUITests */ = {
			isa = PBXNativeTarget;
			buildConfigurationList = DA20A7E62970FF3B00B90D72 /* Build configuration list for PBXNativeTarget "RickAndMortyUITests" */;
			buildPhases = (
				DA20A7D22970FF3B00B90D72 /* Sources */,
				DA20A7D32970FF3B00B90D72 /* Frameworks */,
				DA20A7D42970FF3B00B90D72 /* Resources */,
			);
			buildRules = (
			);
			dependencies = (
				DA20A7D82970FF3B00B90D72 /* PBXTargetDependency */,
			);
			name = RickAndMortyUITests;
			productName = RickAndMortyUITests;
			productReference = DA20A7D62970FF3B00B90D72 /* RickAndMortyUITests.xctest */;
			productType = "com.apple.product-type.bundle.ui-testing";
		};
/* End PBXNativeTarget section */

/* Begin PBXProject section */
		DA20A7AE2970FF3A00B90D72 /* Project object */ = {
			isa = PBXProject;
			attributes = {
				BuildIndependentTargetsInParallel = 1;
				LastSwiftUpdateCheck = 1410;
				LastUpgradeCheck = 1410;
				TargetAttributes = {
					DA20A7B52970FF3A00B90D72 = {
						CreatedOnToolsVersion = 14.1;
					};
					DA20A7CB2970FF3B00B90D72 = {
						CreatedOnToolsVersion = 14.1;
						TestTargetID = DA20A7B52970FF3A00B90D72;
					};
					DA20A7D52970FF3B00B90D72 = {
						CreatedOnToolsVersion = 14.1;
						TestTargetID = DA20A7B52970FF3A00B90D72;
					};
				};
			};
			buildConfigurationList = DA20A7B12970FF3A00B90D72 /* Build configuration list for PBXProject "RickAndMorty" */;
			compatibilityVersion = "Xcode 14.0";
			developmentRegion = en;
			hasScannedForEncodings = 0;
			knownRegions = (
				en,
				Base,
			);
			mainGroup = DA20A7AD2970FF3A00B90D72;
			productRefGroup = DA20A7B72970FF3A00B90D72 /* Products */;
			projectDirPath = "";
			projectRoot = "";
			targets = (
				DA20A7B52970FF3A00B90D72 /* RickAndMorty */,
				DA20A7CB2970FF3B00B90D72 /* RickAndMortyTests */,
				DA20A7D52970FF3B00B90D72 /* RickAndMortyUITests */,
			);
		};
/* End PBXProject section */

/* Begin PBXResourcesBuildPhase section */
		DA20A7B42970FF3A00B90D72 /* Resources */ = {
			isa = PBXResourcesBuildPhase;
			buildActionMask = 2147483647;
			files = (
				DA20A7C62970FF3B00B90D72 /* LaunchScreen.storyboard in Resources */,
				DA20A7C32970FF3B00B90D72 /* Assets.xcassets in Resources */,
			);
			runOnlyForDeploymentPostprocessing = 0;
		};
		DA20A7CA2970FF3B00B90D72 /* Resources */ = {
			isa = PBXResourcesBuildPhase;
			buildActionMask = 2147483647;
			files = (
			);
			runOnlyForDeploymentPostprocessing = 0;
		};
		DA20A7D42970FF3B00B90D72 /* Resources */ = {
			isa = PBXResourcesBuildPhase;
			buildActionMask = 2147483647;
			files = (
			);
			runOnlyForDeploymentPostprocessing = 0;
		};
/* End PBXResourcesBuildPhase section */

/* Begin PBXSourcesBuildPhase section */
		DA20A7B22970FF3A00B90D72 /* Sources */ = {
			isa = PBXSourcesBuildPhase;
			buildActionMask = 2147483647;
			files = (
				DA20A7FB2971016600B90D72 /* RMLocationViewController.swift in Sources */,
				DA20A7F7297100A300B90D72 /* RMCharacter.swift in Sources */,
				DA20A7BE2970FF3A00B90D72 /* RMTabViewController.swift in Sources */,
				DA20A7BA2970FF3A00B90D72 /* AppDelegate.swift in Sources */,
				DA20A7FF2971017A00B90D72 /* RMSettingViewController.swift in Sources */,
				DA20A7F52971008600B90D72 /* RMEipsode.swift in Sources */,
				DA20A7BC2970FF3A00B90D72 /* SceneDelegate.swift in Sources */,
				DA20A7F12971007200B90D72 /* RMLocation.swift in Sources */,
				DA20A7F92971015800B90D72 /* RMCharacterViewController.swift in Sources */,
				DA20A7FD2971017100B90D72 /* RMEipsodeViewController.swift in Sources */,
			);
			runOnlyForDeploymentPostprocessing = 0;
		};
		DA20A7C82970FF3B00B90D72 /* Sources */ = {
			isa = PBXSourcesBuildPhase;
			buildActionMask = 2147483647;
			files = (
				DA20A7D12970FF3B00B90D72 /* RickAndMortyTests.swift in Sources */,
			);
			runOnlyForDeploymentPostprocessing = 0;
		};
		DA20A7D22970FF3B00B90D72 /* Sources */ = {
			isa = PBXSourcesBuildPhase;
			buildActionMask = 2147483647;
			files = (
				DA20A7DB2970FF3B00B90D72 /* RickAndMortyUITests.swift in Sources */,
				DA20A7DD2970FF3B00B90D72 /* RickAndMortyUITestsLaunchTests.swift in Sources */,
			);
			runOnlyForDeploymentPostprocessing = 0;
		};
/* End PBXSourcesBuildPhase section */

/* Begin PBXTargetDependency section */
		DA20A7CE2970FF3B00B90D72 /* PBXTargetDependency */ = {
			isa = PBXTargetDependency;
			target = DA20A7B52970FF3A00B90D72 /* RickAndMorty */;
			targetProxy = DA20A7CD2970FF3B00B90D72 /* PBXContainerItemProxy */;
		};
		DA20A7D82970FF3B00B90D72 /* PBXTargetDependency */ = {
			isa = PBXTargetDependency;
			target = DA20A7B52970FF3A00B90D72 /* RickAndMorty */;
			targetProxy = DA20A7D72970FF3B00B90D72 /* PBXContainerItemProxy */;
		};
/* End PBXTargetDependency section */

/* Begin PBXVariantGroup section */
		DA20A7C42970FF3B00B90D72 /* LaunchScreen.storyboard */ = {
			isa = PBXVariantGroup;
			children = (
				DA20A7C52970FF3B00B90D72 /* Base */,
			);
			name = LaunchScreen.storyboard;
			sourceTree = "<group>";
		};
/* End PBXVariantGroup section */

/* Begin XCBuildConfiguration section */
		DA20A7DE2970FF3B00B90D72 /* Debug */ = {
			isa = XCBuildConfiguration;
			buildSettings = {
				ALWAYS_SEARCH_USER_PATHS = NO;
				CLANG_ANALYZER_NONNULL = YES;
				CLANG_ANALYZER_NUMBER_OBJECT_CONVERSION = YES_AGGRESSIVE;
				CLANG_CXX_LANGUAGE_STANDARD = "gnu++20";
				CLANG_ENABLE_MODULES = YES;
				CLANG_ENABLE_OBJC_ARC = YES;
				CLANG_ENABLE_OBJC_WEAK = YES;
				CLANG_WARN_BLOCK_CAPTURE_AUTORELEASING = YES;
				CLANG_WARN_BOOL_CONVERSION = YES;
				CLANG_WARN_COMMA = YES;
				CLANG_WARN_CONSTANT_CONVERSION = YES;
				CLANG_WARN_DEPRECATED_OBJC_IMPLEMENTATIONS = YES;
				CLANG_WARN_DIRECT_OBJC_ISA_USAGE = YES_ERROR;
				CLANG_WARN_DOCUMENTATION_COMMENTS = YES;
				CLANG_WARN_EMPTY_BODY = YES;
				CLANG_WARN_ENUM_CONVERSION = YES;
				CLANG_WARN_INFINITE_RECURSION = YES;
				CLANG_WARN_INT_CONVERSION = YES;
				CLANG_WARN_NON_LITERAL_NULL_CONVERSION = YES;
				CLANG_WARN_OBJC_IMPLICIT_RETAIN_SELF = YES;
				CLANG_WARN_OBJC_LITERAL_CONVERSION = YES;
				CLANG_WARN_OBJC_ROOT_CLASS = YES_ERROR;
				CLANG_WARN_QUOTED_INCLUDE_IN_FRAMEWORK_HEADER = YES;
				CLANG_WARN_RANGE_LOOP_ANALYSIS = YES;
				CLANG_WARN_STRICT_PROTOTYPES = YES;
				CLANG_WARN_SUSPICIOUS_MOVE = YES;
				CLANG_WARN_UNGUARDED_AVAILABILITY = YES_AGGRESSIVE;
				CLANG_WARN_UNREACHABLE_CODE = YES;
				CLANG_WARN__DUPLICATE_METHOD_MATCH = YES;
				COPY_PHASE_STRIP = NO;
				DEBUG_INFORMATION_FORMAT = dwarf;
				ENABLE_STRICT_OBJC_MSGSEND = YES;
				ENABLE_TESTABILITY = YES;
				GCC_C_LANGUAGE_STANDARD = gnu11;
				GCC_DYNAMIC_NO_PIC = NO;
				GCC_NO_COMMON_BLOCKS = YES;
				GCC_OPTIMIZATION_LEVEL = 0;
				GCC_PREPROCESSOR_DEFINITIONS = (
					"DEBUG=1",
					"$(inherited)",
				);
				GCC_WARN_64_TO_32_BIT_CONVERSION = YES;
				GCC_WARN_ABOUT_RETURN_TYPE = YES_ERROR;
				GCC_WARN_UNDECLARED_SELECTOR = YES;
				GCC_WARN_UNINITIALIZED_AUTOS = YES_AGGRESSIVE;
				GCC_WARN_UNUSED_FUNCTION = YES;
				GCC_WARN_UNUSED_VARIABLE = YES;
				IPHONEOS_DEPLOYMENT_TARGET = 16.1;
				MTL_ENABLE_DEBUG_INFO = INCLUDE_SOURCE;
				MTL_FAST_MATH = YES;
				ONLY_ACTIVE_ARCH = YES;
				SDKROOT = iphoneos;
				SWIFT_ACTIVE_COMPILATION_CONDITIONS = DEBUG;
				SWIFT_OPTIMIZATION_LEVEL = "-Onone";
			};
			name = Debug;
		};
		DA20A7DF2970FF3B00B90D72 /* Release */ = {
			isa = XCBuildConfiguration;
			buildSettings = {
				ALWAYS_SEARCH_USER_PATHS = NO;
				CLANG_ANALYZER_NONNULL = YES;
				CLANG_ANALYZER_NUMBER_OBJECT_CONVERSION = YES_AGGRESSIVE;
				CLANG_CXX_LANGUAGE_STANDARD = "gnu++20";
				CLANG_ENABLE_MODULES = YES;
				CLANG_ENABLE_OBJC_ARC = YES;
				CLANG_ENABLE_OBJC_WEAK = YES;
				CLANG_WARN_BLOCK_CAPTURE_AUTORELEASING = YES;
				CLANG_WARN_BOOL_CONVERSION = YES;
				CLANG_WARN_COMMA = YES;
				CLANG_WARN_CONSTANT_CONVERSION = YES;
				CLANG_WARN_DEPRECATED_OBJC_IMPLEMENTATIONS = YES;
				CLANG_WARN_DIRECT_OBJC_ISA_USAGE = YES_ERROR;
				CLANG_WARN_DOCUMENTATION_COMMENTS = YES;
				CLANG_WARN_EMPTY_BODY = YES;
				CLANG_WARN_ENUM_CONVERSION = YES;
				CLANG_WARN_INFINITE_RECURSION = YES;
				CLANG_WARN_INT_CONVERSION = YES;
				CLANG_WARN_NON_LITERAL_NULL_CONVERSION = YES;
				CLANG_WARN_OBJC_IMPLICIT_RETAIN_SELF = YES;
				CLANG_WARN_OBJC_LITERAL_CONVERSION = YES;
				CLANG_WARN_OBJC_ROOT_CLASS = YES_ERROR;
				CLANG_WARN_QUOTED_INCLUDE_IN_FRAMEWORK_HEADER = YES;
				CLANG_WARN_RANGE_LOOP_ANALYSIS = YES;
				CLANG_WARN_STRICT_PROTOTYPES = YES;
				CLANG_WARN_SUSPICIOUS_MOVE = YES;
				CLANG_WARN_UNGUARDED_AVAILABILITY = YES_AGGRESSIVE;
				CLANG_WARN_UNREACHABLE_CODE = YES;
				CLANG_WARN__DUPLICATE_METHOD_MATCH = YES;
				COPY_PHASE_STRIP = NO;
				DEBUG_INFORMATION_FORMAT = "dwarf-with-dsym";
				ENABLE_NS_ASSERTIONS = NO;
				ENABLE_STRICT_OBJC_MSGSEND = YES;
				GCC_C_LANGUAGE_STANDARD = gnu11;
				GCC_NO_COMMON_BLOCKS = YES;
				GCC_WARN_64_TO_32_BIT_CONVERSION = YES;
				GCC_WARN_ABOUT_RETURN_TYPE = YES_ERROR;
				GCC_WARN_UNDECLARED_SELECTOR = YES;
				GCC_WARN_UNINITIALIZED_AUTOS = YES_AGGRESSIVE;
				GCC_WARN_UNUSED_FUNCTION = YES;
				GCC_WARN_UNUSED_VARIABLE = YES;
				IPHONEOS_DEPLOYMENT_TARGET = 16.1;
				MTL_ENABLE_DEBUG_INFO = NO;
				MTL_FAST_MATH = YES;
				SDKROOT = iphoneos;
				SWIFT_COMPILATION_MODE = wholemodule;
				SWIFT_OPTIMIZATION_LEVEL = "-O";
				VALIDATE_PRODUCT = YES;
			};
			name = Release;
		};
		DA20A7E12970FF3B00B90D72 /* Debug */ = {
			isa = XCBuildConfiguration;
			buildSettings = {
				ASSETCATALOG_COMPILER_APPICON_NAME = AppIcon;
				ASSETCATALOG_COMPILER_GLOBAL_ACCENT_COLOR_NAME = AccentColor;
				CODE_SIGN_STYLE = Automatic;
				CURRENT_PROJECT_VERSION = 1;
				DEVELOPMENT_TEAM = T2QN9DP7M8;
				GENERATE_INFOPLIST_FILE = YES;
				INFOPLIST_FILE = RickAndMorty/Info.plist;
				INFOPLIST_KEY_UIApplicationSupportsIndirectInputEvents = YES;
				INFOPLIST_KEY_UILaunchStoryboardName = LaunchScreen;
				INFOPLIST_KEY_UISupportedInterfaceOrientations_iPad = "UIInterfaceOrientationPortrait UIInterfaceOrientationPortraitUpsideDown UIInterfaceOrientationLandscapeLeft UIInterfaceOrientationLandscapeRight";
				INFOPLIST_KEY_UISupportedInterfaceOrientations_iPhone = "UIInterfaceOrientationPortrait UIInterfaceOrientationLandscapeLeft UIInterfaceOrientationLandscapeRight";
				LD_RUNPATH_SEARCH_PATHS = (
					"$(inherited)",
					"@executable_path/Frameworks",
				);
				MARKETING_VERSION = 1.0;
				PRODUCT_BUNDLE_IDENTIFIER = Brainyeh.RickAndMorty;
				PRODUCT_NAME = "$(TARGET_NAME)";
				SWIFT_EMIT_LOC_STRINGS = YES;
				SWIFT_VERSION = 5.0;
				TARGETED_DEVICE_FAMILY = "1,2";
			};
			name = Debug;
		};
		DA20A7E22970FF3B00B90D72 /* Release */ = {
			isa = XCBuildConfiguration;
			buildSettings = {
				ASSETCATALOG_COMPILER_APPICON_NAME = AppIcon;
				ASSETCATALOG_COMPILER_GLOBAL_ACCENT_COLOR_NAME = AccentColor;
				CODE_SIGN_STYLE = Automatic;
				CURRENT_PROJECT_VERSION = 1;
				DEVELOPMENT_TEAM = T2QN9DP7M8;
				GENERATE_INFOPLIST_FILE = YES;
				INFOPLIST_FILE = RickAndMorty/Info.plist;
				INFOPLIST_KEY_UIApplicationSupportsIndirectInputEvents = YES;
				INFOPLIST_KEY_UILaunchStoryboardName = LaunchScreen;
				INFOPLIST_KEY_UISupportedInterfaceOrientations_iPad = "UIInterfaceOrientationPortrait UIInterfaceOrientationPortraitUpsideDown UIInterfaceOrientationLandscapeLeft UIInterfaceOrientationLandscapeRight";
				INFOPLIST_KEY_UISupportedInterfaceOrientations_iPhone = "UIInterfaceOrientationPortrait UIInterfaceOrientationLandscapeLeft UIInterfaceOrientationLandscapeRight";
				LD_RUNPATH_SEARCH_PATHS = (
					"$(inherited)",
					"@executable_path/Frameworks",
				);
				MARKETING_VERSION = 1.0;
				PRODUCT_BUNDLE_IDENTIFIER = Brainyeh.RickAndMorty;
				PRODUCT_NAME = "$(TARGET_NAME)";
				SWIFT_EMIT_LOC_STRINGS = YES;
				SWIFT_VERSION = 5.0;
				TARGETED_DEVICE_FAMILY = "1,2";
			};
			name = Release;
		};
		DA20A7E42970FF3B00B90D72 /* Debug */ = {
			isa = XCBuildConfiguration;
			buildSettings = {
				ALWAYS_EMBED_SWIFT_STANDARD_LIBRARIES = YES;
				BUNDLE_LOADER = "$(TEST_HOST)";
				CODE_SIGN_STYLE = Automatic;
				CURRENT_PROJECT_VERSION = 1;
				DEVELOPMENT_TEAM = T2QN9DP7M8;
				GENERATE_INFOPLIST_FILE = YES;
				IPHONEOS_DEPLOYMENT_TARGET = 16.1;
				MARKETING_VERSION = 1.0;
				PRODUCT_BUNDLE_IDENTIFIER = Brainyeh.RickAndMortyTests;
				PRODUCT_NAME = "$(TARGET_NAME)";
				SWIFT_EMIT_LOC_STRINGS = NO;
				SWIFT_VERSION = 5.0;
				TARGETED_DEVICE_FAMILY = "1,2";
				TEST_HOST = "$(BUILT_PRODUCTS_DIR)/RickAndMorty.app/$(BUNDLE_EXECUTABLE_FOLDER_PATH)/RickAndMorty";
			};
			name = Debug;
		};
		DA20A7E52970FF3B00B90D72 /* Release */ = {
			isa = XCBuildConfiguration;
			buildSettings = {
				ALWAYS_EMBED_SWIFT_STANDARD_LIBRARIES = YES;
				BUNDLE_LOADER = "$(TEST_HOST)";
				CODE_SIGN_STYLE = Automatic;
				CURRENT_PROJECT_VERSION = 1;
				DEVELOPMENT_TEAM = T2QN9DP7M8;
				GENERATE_INFOPLIST_FILE = YES;
				IPHONEOS_DEPLOYMENT_TARGET = 16.1;
				MARKETING_VERSION = 1.0;
				PRODUCT_BUNDLE_IDENTIFIER = Brainyeh.RickAndMortyTests;
				PRODUCT_NAME = "$(TARGET_NAME)";
				SWIFT_EMIT_LOC_STRINGS = NO;
				SWIFT_VERSION = 5.0;
				TARGETED_DEVICE_FAMILY = "1,2";
				TEST_HOST = "$(BUILT_PRODUCTS_DIR)/RickAndMorty.app/$(BUNDLE_EXECUTABLE_FOLDER_PATH)/RickAndMorty";
			};
			name = Release;
		};
		DA20A7E72970FF3B00B90D72 /* Debug */ = {
			isa = XCBuildConfiguration;
			buildSettings = {
				ALWAYS_EMBED_SWIFT_STANDARD_LIBRARIES = YES;
				CODE_SIGN_STYLE = Automatic;
				CURRENT_PROJECT_VERSION = 1;
				DEVELOPMENT_TEAM = T2QN9DP7M8;
				GENERATE_INFOPLIST_FILE = YES;
				MARKETING_VERSION = 1.0;
				PRODUCT_BUNDLE_IDENTIFIER = Brainyeh.RickAndMortyUITests;
				PRODUCT_NAME = "$(TARGET_NAME)";
				SWIFT_EMIT_LOC_STRINGS = NO;
				SWIFT_VERSION = 5.0;
				TARGETED_DEVICE_FAMILY = "1,2";
				TEST_TARGET_NAME = RickAndMorty;
			};
			name = Debug;
		};
		DA20A7E82970FF3B00B90D72 /* Release */ = {
			isa = XCBuildConfiguration;
			buildSettings = {
				ALWAYS_EMBED_SWIFT_STANDARD_LIBRARIES = YES;
				CODE_SIGN_STYLE = Automatic;
				CURRENT_PROJECT_VERSION = 1;
				DEVELOPMENT_TEAM = T2QN9DP7M8;
				GENERATE_INFOPLIST_FILE = YES;
				MARKETING_VERSION = 1.0;
				PRODUCT_BUNDLE_IDENTIFIER = Brainyeh.RickAndMortyUITests;
				PRODUCT_NAME = "$(TARGET_NAME)";
				SWIFT_EMIT_LOC_STRINGS = NO;
				SWIFT_VERSION = 5.0;
				TARGETED_DEVICE_FAMILY = "1,2";
				TEST_TARGET_NAME = RickAndMorty;
			};
			name = Release;
		};
/* End XCBuildConfiguration section */

/* Begin XCConfigurationList section */
		DA20A7B12970FF3A00B90D72 /* Build configuration list for PBXProject "RickAndMorty" */ = {
			isa = XCConfigurationList;
			buildConfigurations = (
				DA20A7DE2970FF3B00B90D72 /* Debug */,
				DA20A7DF2970FF3B00B90D72 /* Release */,
			);
			defaultConfigurationIsVisible = 0;
			defaultConfigurationName = Release;
		};
		DA20A7E02970FF3B00B90D72 /* Build configuration list for PBXNativeTarget "RickAndMorty" */ = {
			isa = XCConfigurationList;
			buildConfigurations = (
				DA20A7E12970FF3B00B90D72 /* Debug */,
				DA20A7E22970FF3B00B90D72 /* Release */,
			);
			defaultConfigurationIsVisible = 0;
			defaultConfigurationName = Release;
		};
		DA20A7E32970FF3B00B90D72 /* Build configuration list for PBXNativeTarget "RickAndMortyTests" */ = {
			isa = XCConfigurationList;
			buildConfigurations = (
				DA20A7E42970FF3B00B90D72 /* Debug */,
				DA20A7E52970FF3B00B90D72 /* Release */,
			);
			defaultConfigurationIsVisible = 0;
			defaultConfigurationName = Release;
		};
		DA20A7E62970FF3B00B90D72 /* Build configuration list for PBXNativeTarget "RickAndMortyUITests" */ = {
			isa = XCConfigurationList;
			buildConfigurations = (
				DA20A7E72970FF3B00B90D72 /* Debug */,
				DA20A7E82970FF3B00B90D72 /* Release */,
			);
			defaultConfigurationIsVisible = 0;
			defaultConfigurationName = Release;
		};
/* End XCConfigurationList section */
	};
	rootObject = DA20A7AE2970FF3A00B90D72 /* Project object */;
}
